// !$*UTF8*$!
{
	archiveVersion = 1;
	classes = {
	};
	objectVersion = 55;
	objects = {

/* Begin PBXAggregateTarget section */
		FE59281FE487F27A37DC2EE7 /* BazelDependencies */ = {
			isa = PBXAggregateTarget;
			buildConfigurationList = A4C19F2824EAB3EBB5D7EE24 /* Build configuration list for PBXAggregateTarget "BazelDependencies" */;
			buildPhases = (
				790733B6E675C2785F8020AC /* Fetch External Repositories */,
				2FB8CA190C5FD287F83F39E3 /* Create swift_debug_settings.py */,
			);
			dependencies = (
			);
			name = BazelDependencies;
			productName = BazelDependencies;
		};
/* End PBXAggregateTarget section */

/* Begin PBXBuildFile section */
		40714F5AD196E4CC1EBB8D1B /* lib.c in Sources */ = {isa = PBXBuildFile; fileRef = DE0002EF4766814BE3A5D517 /* lib.c */; };
		92194F0C4D46321B39660BF8 /* lib.c in Sources */ = {isa = PBXBuildFile; fileRef = FBFDB5C5C1F35B9F1F6B6BDF /* lib.c */; };
		DC43F9D1A8129A35438625E0 /* main.c in Sources */ = {isa = PBXBuildFile; fileRef = 7C142D7396B2944A639B91A9 /* main.c */; };
		EB9345DAA44B186EC7C30CF4 /* lib.c in Sources */ = {isa = PBXBuildFile; fileRef = 3BA297FD8C1B9C30D302CE4C /* lib.c */; };
/* End PBXBuildFile section */

/* Begin PBXContainerItemProxy section */
		42025A1CD8FA6A1FEB112EA2 /* PBXContainerItemProxy */ = {
			isa = PBXContainerItemProxy;
			containerPortal = 36B5F79C7ED8B081842AF69D /* Project object */;
			proxyType = 1;
			remoteGlobalIDString = FE59281FE487F27A37DC2EE7;
			remoteInfo = BazelDependencies;
		};
		4DAEA7EC6CB13136037C9ABB /* PBXContainerItemProxy */ = {
			isa = PBXContainerItemProxy;
			containerPortal = 36B5F79C7ED8B081842AF69D /* Project object */;
			proxyType = 1;
			remoteGlobalIDString = 1674813229B44E631726DF6E;
			remoteInfo = "@//lib2:lib_impl";
		};
		59511478AA09290DC3C73AC2 /* PBXContainerItemProxy */ = {
			isa = PBXContainerItemProxy;
			containerPortal = 36B5F79C7ED8B081842AF69D /* Project object */;
			proxyType = 1;
			remoteGlobalIDString = 9DF8EA4260F38FC7243F6241;
			remoteInfo = "@examples_cc_external//:lib_impl";
		};
		880FFE0FA4EE63FB2C4847F8 /* PBXContainerItemProxy */ = {
			isa = PBXContainerItemProxy;
			containerPortal = 36B5F79C7ED8B081842AF69D /* Project object */;
			proxyType = 1;
			remoteGlobalIDString = FE59281FE487F27A37DC2EE7;
			remoteInfo = BazelDependencies;
		};
		C96C356A6F059727B4679041 /* PBXContainerItemProxy */ = {
			isa = PBXContainerItemProxy;
			containerPortal = 36B5F79C7ED8B081842AF69D /* Project object */;
			proxyType = 1;
			remoteGlobalIDString = FE59281FE487F27A37DC2EE7;
			remoteInfo = BazelDependencies;
		};
		EBE081DB069A4BF46046FE21 /* PBXContainerItemProxy */ = {
			isa = PBXContainerItemProxy;
			containerPortal = 36B5F79C7ED8B081842AF69D /* Project object */;
			proxyType = 1;
			remoteGlobalIDString = FE59281FE487F27A37DC2EE7;
			remoteInfo = BazelDependencies;
		};
		F9D69D94708B6ED5E45131FC /* PBXContainerItemProxy */ = {
			isa = PBXContainerItemProxy;
			containerPortal = 36B5F79C7ED8B081842AF69D /* Project object */;
			proxyType = 1;
			remoteGlobalIDString = E48E9FEBBB9A5F8F1FE1B1CD;
			remoteInfo = "@//lib:lib_impl";
		};
/* End PBXContainerItemProxy section */

/* Begin PBXFileReference section */
		19E391E67A77E4B60DCA4A3A /* BUILD */ = {isa = PBXFileReference; explicitFileType = text.script.python; path = BUILD; sourceTree = "<group>"; };
		2FE1F909D9529B08D5A6A82D /* lib.h */ = {isa = PBXFileReference; lastKnownFileType = sourcecode.c.h; path = lib.h; sourceTree = "<group>"; };
		3BA297FD8C1B9C30D302CE4C /* lib.c */ = {isa = PBXFileReference; lastKnownFileType = sourcecode.c.c; path = lib.c; sourceTree = "<group>"; };
		6BEA1F7015017A6C6D92F7DE /* tool */ = {isa = PBXFileReference; explicitFileType = "compiled.mach-o.executable"; includeInIndex = 0; path = tool; sourceTree = BUILT_PRODUCTS_DIR; };
		7C142D7396B2944A639B91A9 /* main.c */ = {isa = PBXFileReference; lastKnownFileType = sourcecode.c.c; path = main.c; sourceTree = "<group>"; };
		800A4CFD8D05F54C3993C3B8 /* liblib_impl.a */ = {isa = PBXFileReference; explicitFileType = "compiled.mach-o.dylib"; includeInIndex = 0; name = liblib_impl.a; path = "bazel-out/darwin_x86_64-dbg-ST-3688109ddba2/bin/lib2/liblib_impl.a"; sourceTree = BUILT_PRODUCTS_DIR; };
		943C93E6E316546856590A01 /* liblib_impl.a */ = {isa = PBXFileReference; explicitFileType = "compiled.mach-o.dylib"; includeInIndex = 0; name = liblib_impl.a; path = "bazel-out/darwin_x86_64-dbg-ST-3688109ddba2/bin/external/examples_cc_external/liblib_impl.a"; sourceTree = BUILT_PRODUCTS_DIR; };
		965D20F8F01D455C9C37CCDF /* lib.h */ = {isa = PBXFileReference; lastKnownFileType = sourcecode.c.h; path = lib.h; sourceTree = "<group>"; };
		986679265BD79763C52836FC /* liblib_impl.lo */ = {isa = PBXFileReference; explicitFileType = "compiled.mach-o.dylib"; includeInIndex = 0; name = liblib_impl.lo; path = "bazel-out/darwin_x86_64-dbg-ST-3688109ddba2/bin/lib/liblib_impl.lo"; sourceTree = BUILT_PRODUCTS_DIR; };
		A0247B5C1C55B7DC1667E982 /* lib.h */ = {isa = PBXFileReference; lastKnownFileType = sourcecode.c.h; path = lib.h; sourceTree = "<group>"; };
		D96CB0D7F56DAE8365C02F32 /* BUILD */ = {isa = PBXFileReference; explicitFileType = text.script.python; path = BUILD; sourceTree = "<group>"; };
		DE0002EF4766814BE3A5D517 /* lib.c */ = {isa = PBXFileReference; lastKnownFileType = sourcecode.c.c; path = lib.c; sourceTree = "<group>"; };
		EC3CE8A5EC33DFAA926D4D0F /* private.h */ = {isa = PBXFileReference; lastKnownFileType = sourcecode.c.h; path = private.h; sourceTree = "<group>"; };
		EE7AA3021DC796CC458D1976 /* BUILD */ = {isa = PBXFileReference; explicitFileType = text.script.python; path = BUILD; sourceTree = "<group>"; };
		F2ABA8F76EC95D56038F7EBB /* private.inc */ = {isa = PBXFileReference; lastKnownFileType = sourcecode.c.h; path = private.inc; sourceTree = "<group>"; };
		FBFDB5C5C1F35B9F1F6B6BDF /* lib.c */ = {isa = PBXFileReference; lastKnownFileType = sourcecode.c.c; path = lib.c; sourceTree = "<group>"; };
		FFC8C7B3B7C9504F23ADD8DC /* BUILD */ = {isa = PBXFileReference; explicitFileType = text.script.python; path = BUILD; sourceTree = "<group>"; };
/* End PBXFileReference section */

/* Begin PBXGroup section */
		0282FBBED12E0D60848403AA /* private */ = {
			isa = PBXGroup;
			children = (
				EC3CE8A5EC33DFAA926D4D0F /* private.h */,
			);
			path = private;
			sourceTree = "<group>";
		};
		0AD62E4406FACB02710FB4CF /* lib */ = {
			isa = PBXGroup;
			children = (
				0282FBBED12E0D60848403AA /* private */,
				FFC8C7B3B7C9504F23ADD8DC /* BUILD */,
				3BA297FD8C1B9C30D302CE4C /* lib.c */,
				2FE1F909D9529B08D5A6A82D /* lib.h */,
			);
			path = lib;
			sourceTree = "<group>";
		};
		388DA26EE1C38E4FEC5209C7 /* test */ = {
			isa = PBXGroup;
			children = (
				73DBCD5926AF8A635E594756 /* fixtures */,
			);
			path = test;
			sourceTree = "<group>";
		};
		55DCCFEE61E821ABE5024D81 /* Products */ = {
			isa = PBXGroup;
			children = (
				943C93E6E316546856590A01 /* liblib_impl.a */,
				800A4CFD8D05F54C3993C3B8 /* liblib_impl.a */,
				986679265BD79763C52836FC /* liblib_impl.lo */,
				6BEA1F7015017A6C6D92F7DE /* tool */,
			);
			name = Products;
			sourceTree = "<group>";
		};
		649B2654CD346F3F7CE8896D /* tool */ = {
			isa = PBXGroup;
			children = (
				EE7AA3021DC796CC458D1976 /* BUILD */,
				7C142D7396B2944A639B91A9 /* main.c */,
			);
			path = tool;
			sourceTree = "<group>";
		};
		73DBCD5926AF8A635E594756 /* fixtures */ = {
			isa = PBXGroup;
			children = (
				19E391E67A77E4B60DCA4A3A /* BUILD */,
			);
			path = fixtures;
			sourceTree = "<group>";
		};
		9241A012C57143B0305C397F /* Bazel External Repositories */ = {
			isa = PBXGroup;
			children = (
				C0F89832A788EF4E6AE3DF21 /* examples_cc_external */,
			);
			name = "Bazel External Repositories";
			path = ../../external;
			sourceTree = SOURCE_ROOT;
		};
		9B5633EB32DA660F8F320606 /* includes */ = {
			isa = PBXGroup;
			children = (
				965D20F8F01D455C9C37CCDF /* lib.h */,
			);
			path = includes;
			sourceTree = "<group>";
		};
		BA67431661C21A7EF8E690BC /* ../../../../../.. */ = {
			isa = PBXGroup;
			children = (
				0AD62E4406FACB02710FB4CF /* lib */,
				C73B0D327DD6378878A5E74F /* lib2 */,
				388DA26EE1C38E4FEC5209C7 /* test */,
				649B2654CD346F3F7CE8896D /* tool */,
				9241A012C57143B0305C397F /* Bazel External Repositories */,
				55DCCFEE61E821ABE5024D81 /* Products */,
				F658890F9BEA2EB1BC271BD2 /* Frameworks */,
			);
			path = ../../../../../..;
			sourceTree = "<group>";
		};
		C0F89832A788EF4E6AE3DF21 /* examples_cc_external */ = {
			isa = PBXGroup;
			children = (
				FD98D76816F2466AB7B11F58 /* private */,
				DE0002EF4766814BE3A5D517 /* lib.c */,
				A0247B5C1C55B7DC1667E982 /* lib.h */,
			);
			name = examples_cc_external;
			path = external;
			sourceTree = SOURCE_ROOT;
		};
		C73B0D327DD6378878A5E74F /* lib2 */ = {
			isa = PBXGroup;
			children = (
				9B5633EB32DA660F8F320606 /* includes */,
				D96CB0D7F56DAE8365C02F32 /* BUILD */,
				FBFDB5C5C1F35B9F1F6B6BDF /* lib.c */,
			);
			path = lib2;
			sourceTree = "<group>";
		};
		F658890F9BEA2EB1BC271BD2 /* Frameworks */ = {
			isa = PBXGroup;
			children = (
			);
			name = Frameworks;
			sourceTree = "<group>";
		};
		FD98D76816F2466AB7B11F58 /* private */ = {
			isa = PBXGroup;
			children = (
				F2ABA8F76EC95D56038F7EBB /* private.inc */,
			);
			path = private;
			sourceTree = "<group>";
		};
/* End PBXGroup section */

/* Begin PBXNativeTarget section */
		1674813229B44E631726DF6E /* @//lib2:lib_impl */ = {
			isa = PBXNativeTarget;
			buildConfigurationList = 1991A681A5CB88561D37B886 /* Build configuration list for PBXNativeTarget "@//lib2:lib_impl" */;
			buildPhases = (
				328F1BE6C5C0895CC11A5EDB /* Sources */,
			);
			buildRules = (
			);
			dependencies = (
				22C38633AA1187EC6099A753 /* PBXTargetDependency */,
			);
			name = "@//lib2:lib_impl";
			productName = lib_impl;
			productType = "com.apple.product-type.library.static";
		};
		9DF8EA4260F38FC7243F6241 /* @examples_cc_external//:lib_impl */ = {
			isa = PBXNativeTarget;
			buildConfigurationList = FA7CA526EED1582756E3E941 /* Build configuration list for PBXNativeTarget "@examples_cc_external//:lib_impl" */;
			buildPhases = (
				FFD93E746954CFC6BF3AD963 /* Sources */,
			);
			buildRules = (
			);
			dependencies = (
				285FA061754C2107327A45D8 /* PBXTargetDependency */,
			);
			name = "@examples_cc_external//:lib_impl";
			productName = lib_impl;
			productType = "com.apple.product-type.library.static";
		};
		E48E9FEBBB9A5F8F1FE1B1CD /* @//lib:lib_impl */ = {
			isa = PBXNativeTarget;
			buildConfigurationList = 4193581FD52824B6B27A38B9 /* Build configuration list for PBXNativeTarget "@//lib:lib_impl" */;
			buildPhases = (
				94D26C14F8860427A9AD2471 /* Sources */,
			);
			buildRules = (
			);
			dependencies = (
				8714A281BD8DEB70EFAA3A22 /* PBXTargetDependency */,
			);
			name = "@//lib:lib_impl";
			productName = lib_impl;
			productType = "com.apple.product-type.library.static";
		};
		EC6A68AC956C60AA25485960 /* tool */ = {
			isa = PBXNativeTarget;
			buildConfigurationList = 85DAE5AD4B16C63749019BBB /* Build configuration list for PBXNativeTarget "tool" */;
			buildPhases = (
				DF9F91D4DC559C08850160A4 /* Create linking dependencies */,
				5070903440E6C33AE9B061E6 /* Sources */,
			);
			buildRules = (
			);
			dependencies = (
				C7CE0C2F304E0B02B1E4E5A4 /* PBXTargetDependency */,
				352DFDCEE489902F858A718F /* PBXTargetDependency */,
				33BE6091D980E6CC430D61CC /* PBXTargetDependency */,
				59AC8FC7ED45C65DBD76BA41 /* PBXTargetDependency */,
			);
			name = tool;
			productName = tool;
			productReference = 6BEA1F7015017A6C6D92F7DE /* tool */;
			productType = "com.apple.product-type.tool";
		};
/* End PBXNativeTarget section */

/* Begin PBXProject section */
		36B5F79C7ED8B081842AF69D /* Project object */ = {
			isa = PBXProject;
			attributes = {
				BuildIndependentTargetsInParallel = 1;
				LastSwiftUpdateCheck = 9999;
				LastUpgradeCheck = 9999;
				TargetAttributes = {
					1674813229B44E631726DF6E = {
						CreatedOnToolsVersion = 13.2.1;
						LastSwiftMigration = 9999;
					};
					9DF8EA4260F38FC7243F6241 = {
						CreatedOnToolsVersion = 13.2.1;
						LastSwiftMigration = 9999;
					};
					E48E9FEBBB9A5F8F1FE1B1CD = {
						CreatedOnToolsVersion = 13.2.1;
						LastSwiftMigration = 9999;
					};
					EC6A68AC956C60AA25485960 = {
						CreatedOnToolsVersion = 13.2.1;
						LastSwiftMigration = 9999;
					};
					FE59281FE487F27A37DC2EE7 = {
						CreatedOnToolsVersion = 13.2.1;
					};
				};
			};
			buildConfigurationList = 8C14447CB8BDD86ECF450932 /* Build configuration list for PBXProject "bwx" */;
			compatibilityVersion = "Xcode 13.0";
			developmentRegion = en;
			hasScannedForEncodings = 0;
			knownRegions = (
				en,
				Base,
			);
			mainGroup = BA67431661C21A7EF8E690BC /* ../../../../../.. */;
			productRefGroup = 55DCCFEE61E821ABE5024D81 /* Products */;
			projectDirPath = "../../bazel-output-base/execroot/_rules_xcodeproj/build_output_base/execroot/__main__";
			projectRoot = "";
			targets = (
				FE59281FE487F27A37DC2EE7 /* BazelDependencies */,
				E48E9FEBBB9A5F8F1FE1B1CD /* @//lib:lib_impl */,
				1674813229B44E631726DF6E /* @//lib2:lib_impl */,
				9DF8EA4260F38FC7243F6241 /* @examples_cc_external//:lib_impl */,
				EC6A68AC956C60AA25485960 /* tool */,
			);
		};
/* End PBXProject section */

/* Begin PBXShellScriptBuildPhase section */
		2FB8CA190C5FD287F83F39E3 /* Create swift_debug_settings.py */ = {
			isa = PBXShellScriptBuildPhase;
			buildActionMask = 2147483647;
			files = (
			);
			inputPaths = (
				"$(INTERNAL_DIR)/swift_debug_settings.py",
			);
			name = "Create swift_debug_settings.py";
			outputPaths = (
				"$(OBJROOT)/swift_debug_settings.py",
			);
			runOnlyForDeploymentPostprocessing = 0;
			shellPath = /bin/sh;
			shellScript = "perl -pe 's/\\$(\\()?([a-zA-Z_]\\w*)(?(1)\\))/$ENV{$2}/g' \\\n  \"$SCRIPT_INPUT_FILE_0\" > \"$SCRIPT_OUTPUT_FILE_0\"\n";
			showEnvVarsInLog = 0;
		};
		790733B6E675C2785F8020AC /* Fetch External Repositories */ = {
			isa = PBXShellScriptBuildPhase;
			alwaysOutOfDate = 1;
			buildActionMask = 2147483647;
			files = (
			);
			inputPaths = (
			);
			name = "Fetch External Repositories";
			outputFileListPaths = (
				"$(INTERNAL_DIR)/external.xcfilelist",
			);
			outputPaths = (
			);
			runOnlyForDeploymentPostprocessing = 0;
			shellPath = /bin/sh;
			shellScript = "cd \"$SRCROOT\"\n\n\"$BAZEL_INTEGRATION_DIR/bazel_build.sh\"\n";
			showEnvVarsInLog = 0;
		};
		DF9F91D4DC559C08850160A4 /* Create linking dependencies */ = {
			isa = PBXShellScriptBuildPhase;
			buildActionMask = 2147483647;
			files = (
			);
			inputPaths = (
				"$(LINK_PARAMS_FILE)",
			);
			name = "Create linking dependencies";
			outputPaths = (
				"$(DERIVED_FILE_DIR)/link.params",
			);
			runOnlyForDeploymentPostprocessing = 0;
			shellPath = /bin/sh;
			shellScript = "perl -pe 's/^(\"?)(.*\\$\\(.*\\).*?)(\"?)$/\"$2\"/ ; s/\\$(\\()?([a-zA-Z_]\\w*)(?(1)\\))/$ENV{$2}/g' \\\n  \"$SCRIPT_INPUT_FILE_0\" > \"$SCRIPT_OUTPUT_FILE_0\"\n";
			showEnvVarsInLog = 0;
		};
/* End PBXShellScriptBuildPhase section */

/* Begin PBXSourcesBuildPhase section */
		328F1BE6C5C0895CC11A5EDB /* Sources */ = {
			isa = PBXSourcesBuildPhase;
			buildActionMask = 2147483647;
			files = (
				92194F0C4D46321B39660BF8 /* lib.c in Sources */,
			);
			runOnlyForDeploymentPostprocessing = 0;
		};
		5070903440E6C33AE9B061E6 /* Sources */ = {
			isa = PBXSourcesBuildPhase;
			buildActionMask = 2147483647;
			files = (
				DC43F9D1A8129A35438625E0 /* main.c in Sources */,
			);
			runOnlyForDeploymentPostprocessing = 0;
		};
		94D26C14F8860427A9AD2471 /* Sources */ = {
			isa = PBXSourcesBuildPhase;
			buildActionMask = 2147483647;
			files = (
				EB9345DAA44B186EC7C30CF4 /* lib.c in Sources */,
			);
			runOnlyForDeploymentPostprocessing = 0;
		};
		FFD93E746954CFC6BF3AD963 /* Sources */ = {
			isa = PBXSourcesBuildPhase;
			buildActionMask = 2147483647;
			files = (
				40714F5AD196E4CC1EBB8D1B /* lib.c in Sources */,
			);
			runOnlyForDeploymentPostprocessing = 0;
		};
/* End PBXSourcesBuildPhase section */

/* Begin PBXTargetDependency section */
		22C38633AA1187EC6099A753 /* PBXTargetDependency */ = {
			isa = PBXTargetDependency;
			name = BazelDependencies;
			target = FE59281FE487F27A37DC2EE7 /* BazelDependencies */;
			targetProxy = EBE081DB069A4BF46046FE21 /* PBXContainerItemProxy */;
		};
		285FA061754C2107327A45D8 /* PBXTargetDependency */ = {
			isa = PBXTargetDependency;
			name = BazelDependencies;
			target = FE59281FE487F27A37DC2EE7 /* BazelDependencies */;
			targetProxy = 42025A1CD8FA6A1FEB112EA2 /* PBXContainerItemProxy */;
		};
		33BE6091D980E6CC430D61CC /* PBXTargetDependency */ = {
			isa = PBXTargetDependency;
			name = "@//lib2:lib_impl";
			target = 1674813229B44E631726DF6E /* @//lib2:lib_impl */;
			targetProxy = 4DAEA7EC6CB13136037C9ABB /* PBXContainerItemProxy */;
		};
		352DFDCEE489902F858A718F /* PBXTargetDependency */ = {
			isa = PBXTargetDependency;
			name = "@//lib:lib_impl";
			target = E48E9FEBBB9A5F8F1FE1B1CD /* @//lib:lib_impl */;
			targetProxy = F9D69D94708B6ED5E45131FC /* PBXContainerItemProxy */;
		};
		59AC8FC7ED45C65DBD76BA41 /* PBXTargetDependency */ = {
			isa = PBXTargetDependency;
			name = "@examples_cc_external//:lib_impl";
			target = 9DF8EA4260F38FC7243F6241 /* @examples_cc_external//:lib_impl */;
			targetProxy = 59511478AA09290DC3C73AC2 /* PBXContainerItemProxy */;
		};
		8714A281BD8DEB70EFAA3A22 /* PBXTargetDependency */ = {
			isa = PBXTargetDependency;
			name = BazelDependencies;
			target = FE59281FE487F27A37DC2EE7 /* BazelDependencies */;
			targetProxy = C96C356A6F059727B4679041 /* PBXContainerItemProxy */;
		};
		C7CE0C2F304E0B02B1E4E5A4 /* PBXTargetDependency */ = {
			isa = PBXTargetDependency;
			name = BazelDependencies;
			target = FE59281FE487F27A37DC2EE7 /* BazelDependencies */;
			targetProxy = 880FFE0FA4EE63FB2C4847F8 /* PBXContainerItemProxy */;
		};
/* End PBXTargetDependency section */

/* Begin XCBuildConfiguration section */
		00E49FEAD01BA87C74959D6D /* Debug */ = {
			isa = XCBuildConfiguration;
			buildSettings = {
				ARCHS = x86_64;
				BAZEL_LABEL = "@//lib:lib_impl";
				BAZEL_PACKAGE_BIN_DIR = "bazel-out/darwin_x86_64-dbg-ST-3688109ddba2/bin/lib";
				BAZEL_TARGET_ID = "//lib:lib_impl darwin_x86_64-dbg-ST-3688109ddba2";
				"BAZEL_TARGET_ID[sdk=macosx*]" = "$(BAZEL_TARGET_ID)";
				CLANG_CXX_LANGUAGE_STANDARD = "c++0x";
				COMPILE_TARGET_NAME = lib_impl;
				DEBUG_INFORMATION_FORMAT = dwarf;
				ENABLE_BITCODE = NO;
				EXECUTABLE_EXTENSION = lo;
				GCC_OPTIMIZATION_LEVEL = 0;
				GCC_PREPROCESSOR_DEFINITIONS = (
					"_FORTIFY_SOURCE=1",
					"__DATE__=\"redacted\"",
					"__TIMESTAMP__=\"redacted\"",
					"__TIME__=\"redacted\"",
					"SECRET_3=\\\"Hello\\\"",
				);
				GENERATE_INFOPLIST_FILE = YES;
				HEADER_SEARCH_PATHS = (
					"$(SRCROOT)/lib/private",
					"$(BAZEL_OUT)/darwin_x86_64-dbg-ST-3688109ddba2/bin/lib/private",
				);
				MACOSX_DEPLOYMENT_TARGET = 12.0;
				OTHER_CFLAGS = (
					"-ivfsoverlay",
					"$(OBJROOT)/xcode-overlay.yaml",
					"-ivfsoverlay",
					"$(OBJROOT)/bazel-out-overlay.yaml",
					"-fstack-protector",
					"-Wall",
					"-Wthread-safety",
					"-Wself-assign",
					"-fno-omit-frame-pointer",
					"-no-canonical-prefixes",
					"-pthread",
					"-no-canonical-prefixes",
					"-Wno-builtin-macro-redefined",
				);
				OTHER_CPLUSPLUSFLAGS = (
					"-ivfsoverlay",
					"$(OBJROOT)/xcode-overlay.yaml",
					"-ivfsoverlay",
					"$(OBJROOT)/bazel-out-overlay.yaml",
					"-fstack-protector",
					"-Wall",
					"-Wthread-safety",
					"-Wself-assign",
					"-fno-omit-frame-pointer",
					"-no-canonical-prefixes",
					"-pthread",
					"-no-canonical-prefixes",
					"-Wno-builtin-macro-redefined",
				);
				PRODUCT_NAME = lib_impl;
				SDKROOT = macosx;
				SUPPORTED_PLATFORMS = macosx;
				SWIFT_OBJC_INTERFACE_HEADER_NAME = "";
				SWIFT_OPTIMIZATION_LEVEL = "-Onone";
				SWIFT_VERSION = 5.0;
				TARGET_NAME = lib_impl;
				USER_HEADER_SEARCH_PATHS = (
					"$(SRCROOT)",
					"$(BAZEL_OUT)/darwin_x86_64-dbg-ST-3688109ddba2/bin",
				);
			};
			name = Debug;
		};
		1A9608E2F82C2D509E2094E1 /* Debug */ = {
			isa = XCBuildConfiguration;
			buildSettings = {
				ARCHS = x86_64;
				BAZEL_LABEL = "@//lib2:lib_impl";
				BAZEL_PACKAGE_BIN_DIR = "bazel-out/darwin_x86_64-dbg-ST-3688109ddba2/bin/lib2";
				BAZEL_TARGET_ID = "//lib2:lib_impl darwin_x86_64-dbg-ST-3688109ddba2";
				"BAZEL_TARGET_ID[sdk=macosx*]" = "$(BAZEL_TARGET_ID)";
				CLANG_CXX_LANGUAGE_STANDARD = "c++0x";
				COMPILE_TARGET_NAME = lib_impl;
				DEBUG_INFORMATION_FORMAT = dwarf;
				ENABLE_BITCODE = NO;
				GCC_OPTIMIZATION_LEVEL = 0;
				GCC_PREPROCESSOR_DEFINITIONS = (
					"_FORTIFY_SOURCE=1",
					"__DATE__=\"redacted\"",
					"__TIMESTAMP__=\"redacted\"",
					"__TIME__=\"redacted\"",
				);
				GENERATE_INFOPLIST_FILE = YES;
				MACOSX_DEPLOYMENT_TARGET = 12.0;
				OTHER_CFLAGS = (
					"-ivfsoverlay",
					"$(OBJROOT)/xcode-overlay.yaml",
					"-ivfsoverlay",
					"$(OBJROOT)/bazel-out-overlay.yaml",
					"-fstack-protector",
					"-Wall",
					"-Wthread-safety",
					"-Wself-assign",
					"-fno-omit-frame-pointer",
					"-no-canonical-prefixes",
					"-pthread",
					"-no-canonical-prefixes",
					"-Wno-builtin-macro-redefined",
				);
				OTHER_CPLUSPLUSFLAGS = (
					"-ivfsoverlay",
					"$(OBJROOT)/xcode-overlay.yaml",
					"-ivfsoverlay",
					"$(OBJROOT)/bazel-out-overlay.yaml",
					"-fstack-protector",
					"-Wall",
					"-Wthread-safety",
					"-Wself-assign",
					"-fno-omit-frame-pointer",
					"-no-canonical-prefixes",
					"-pthread",
					"-no-canonical-prefixes",
					"-Wno-builtin-macro-redefined",
				);
				PRODUCT_NAME = lib_impl;
				SDKROOT = macosx;
				SUPPORTED_PLATFORMS = macosx;
				SWIFT_OBJC_INTERFACE_HEADER_NAME = "";
				SWIFT_OPTIMIZATION_LEVEL = "-Onone";
				SWIFT_VERSION = 5.0;
				SYSTEM_HEADER_SEARCH_PATHS = (
					"$(SRCROOT)/lib2/includes",
					"$(BAZEL_OUT)/darwin_x86_64-dbg-ST-3688109ddba2/bin/lib2/includes",
				);
				TARGET_NAME = lib_impl;
				USER_HEADER_SEARCH_PATHS = (
					"$(SRCROOT)",
					"$(BAZEL_OUT)/darwin_x86_64-dbg-ST-3688109ddba2/bin",
				);
			};
			name = Debug;
		};
		67F44AB65FA7A2E38A56F5FB /* Debug */ = {
			isa = XCBuildConfiguration;
			buildSettings = {
				BAZEL_CONFIG = rules_xcodeproj;
				BAZEL_PACKAGE_BIN_DIR = rules_xcodeproj;
				CALCULATE_OUTPUT_GROUPS_SCRIPT = "$(BAZEL_INTEGRATION_DIR)/calculate_output_groups.py";
				GENERATOR_LABEL = "@//test/fixtures:xcodeproj_bwx.generator";
				GENERATOR_PACKAGE_BIN_DIR = "darwin_x86_64-dbg-ST-14942f8a2d44/bin/test/fixtures";
				GENERATOR_TARGET_NAME = xcodeproj_bwx.generator;
				INDEX_DATA_STORE_DIR = "$(INDEX_DATA_STORE_DIR)";
				INDEX_IMPORT = "$(BAZEL_OUT)/darwin_x86_64-opt-exec-2B5CBBC6-ST-8b5ad9965560/bin/external/rules_xcodeproj_index_import/index-import";
				RESOLVED_EXTERNAL_REPOSITORIES = "\"examples_cc_external\" \"$(SRCROOT)/external\"";
				RULES_XCODEPROJ_BUILD_MODE = xcode;
				SUPPORTED_PLATFORMS = macosx;
				SUPPORTS_MACCATALYST = YES;
				TARGET_NAME = BazelDependencies;
			};
			name = Debug;
		};
		C221D886D6D02D33114D3473 /* Debug */ = {
			isa = XCBuildConfiguration;
			buildSettings = {
				ALWAYS_SEARCH_USER_PATHS = NO;
				BAZEL_EXTERNAL = "$(PROJECT_DIR)/external";
				BAZEL_INTEGRATION_DIR = "$(INTERNAL_DIR)/bazel";
				BAZEL_LLDB_INIT = "$(OBJROOT)/bazel.lldbinit";
				BAZEL_OUT = "$(PROJECT_DIR)/bazel-out";
				BAZEL_PATH = bazel;
				BAZEL_WORKSPACE_ROOT = "$(SRCROOT)";
				BUILD_DIR = "$(SYMROOT)/$(CONFIGURATION)$(EFFECTIVE_PLATFORM_NAME)";
				BUILD_WORKSPACE_DIRECTORY = "$(SRCROOT)";
				BUILT_PRODUCTS_DIR = "$(INDEXING_BUILT_PRODUCTS_DIR__$(INDEX_ENABLE_BUILD_ARENA))";
				CLANG_ENABLE_OBJC_ARC = YES;
				CLANG_MODULES_AUTOLINK = NO;
				CONFIGURATION_BUILD_DIR = "$(BUILD_DIR)/$(BAZEL_PACKAGE_BIN_DIR)";
				COPY_PHASE_STRIP = NO;
				DEPLOYMENT_LOCATION = "$(INDEXING_DEPLOYMENT_LOCATION__$(INDEX_ENABLE_BUILD_ARENA)),";
				DSTROOT = "$(PROJECT_TEMP_DIR)";
				ENABLE_DEFAULT_SEARCH_PATHS = NO;
				INDEXING_BUILT_PRODUCTS_DIR__ = "$(INDEXING_BUILT_PRODUCTS_DIR__NO)";
				INDEXING_BUILT_PRODUCTS_DIR__NO = "$(BUILD_DIR)";
				INDEXING_BUILT_PRODUCTS_DIR__YES = "$(CONFIGURATION_BUILD_DIR)";
				INDEXING_DEPLOYMENT_LOCATION__ = "$(INDEXING_DEPLOYMENT_LOCATION__NO)";
				INDEXING_DEPLOYMENT_LOCATION__NO = YES;
				INDEXING_DEPLOYMENT_LOCATION__YES = NO;
				INDEX_FORCE_SCRIPT_EXECUTION = YES;
				INSTALL_PATH = "$(BAZEL_PACKAGE_BIN_DIR)/$(TARGET_NAME)/bin";
				INTERNAL_DIR = "$(PROJECT_FILE_PATH)/rules_xcodeproj";
				LINKS_DIR = "$(INTERNAL_DIR)/links";
				ONLY_ACTIVE_ARCH = YES;
				SCHEME_TARGET_IDS_FILE = "$(OBJROOT)/scheme_target_ids";
				SRCROOT = "$(_SRCROOT:standardizepath)";
				SUPPORTS_MACCATALYST = NO;
				SWIFT_OPTIMIZATION_LEVEL = "-Onone";
				TARGET_TEMP_DIR = "$(PROJECT_TEMP_DIR)/$(BAZEL_PACKAGE_BIN_DIR)/$(COMPILE_TARGET_NAME)";
				USE_HEADERMAP = NO;
				VALIDATE_WORKSPACE = NO;
				_SRCROOT = "$(PROJECT_DIR)/../../../../../..";
			};
			name = Debug;
		};
		DE39562D4492E281F18A3205 /* Debug */ = {
			isa = XCBuildConfiguration;
			buildSettings = {
				ARCHS = x86_64;
				BAZEL_LABEL = "@//tool:tool";
				BAZEL_PACKAGE_BIN_DIR = "bazel-out/darwin_x86_64-dbg-ST-3688109ddba2/bin/tool";
				BAZEL_TARGET_ID = "//tool:tool darwin_x86_64-dbg-ST-3688109ddba2";
				"BAZEL_TARGET_ID[sdk=macosx*]" = "$(BAZEL_TARGET_ID)";
				BUILT_PRODUCTS_DIR = "$(CONFIGURATION_BUILD_DIR)";
				CLANG_CXX_LANGUAGE_STANDARD = "c++0x";
				COMPILE_TARGET_NAME = tool;
				DEBUG_INFORMATION_FORMAT = dwarf;
				DEPLOYMENT_LOCATION = NO;
				ENABLE_BITCODE = NO;
				EXECUTABLE_EXTENSION = "";
				GCC_OPTIMIZATION_LEVEL = 0;
				GCC_PREPROCESSOR_DEFINITIONS = (
					"_FORTIFY_SOURCE=1",
					"__DATE__=\"redacted\"",
					"__TIMESTAMP__=\"redacted\"",
					"__TIME__=\"redacted\"",
					"SECRET_2=\\\"World!\\\"",
					"EXTERNAL_SECRET_2=\\\"World?\\\"",
				);
				GENERATE_INFOPLIST_FILE = YES;
				LINK_PARAMS_FILE = "$(INTERNAL_DIR)/targets/darwin_x86_64-dbg-ST-3688109ddba2/tool/tool.link.params";
				MACOSX_DEPLOYMENT_TARGET = 12.0;
				OTHER_CFLAGS = (
					"-ivfsoverlay",
					"$(OBJROOT)/xcode-overlay.yaml",
					"-ivfsoverlay",
					"$(OBJROOT)/bazel-out-overlay.yaml",
					"-fstack-protector",
					"-Wall",
					"-Wthread-safety",
					"-Wself-assign",
					"-fno-omit-frame-pointer",
					"-no-canonical-prefixes",
					"-pthread",
					"-no-canonical-prefixes",
					"-Wno-builtin-macro-redefined",
				);
				OTHER_CPLUSPLUSFLAGS = (
					"-ivfsoverlay",
					"$(OBJROOT)/xcode-overlay.yaml",
					"-ivfsoverlay",
					"$(OBJROOT)/bazel-out-overlay.yaml",
					"-fstack-protector",
					"-Wall",
					"-Wthread-safety",
					"-Wself-assign",
					"-fno-omit-frame-pointer",
					"-no-canonical-prefixes",
					"-pthread",
					"-no-canonical-prefixes",
					"-Wno-builtin-macro-redefined",
				);
				OTHER_LDFLAGS = "@$(DERIVED_FILE_DIR)/link.params";
				PRODUCT_NAME = tool;
				SDKROOT = macosx;
				SUPPORTED_PLATFORMS = macosx;
				SWIFT_OBJC_INTERFACE_HEADER_NAME = "";
				SWIFT_OPTIMIZATION_LEVEL = "-Onone";
				SWIFT_VERSION = 5.0;
				SYSTEM_HEADER_SEARCH_PATHS = (
					"$(SRCROOT)/lib2/includes",
					"$(BAZEL_OUT)/darwin_x86_64-dbg-ST-3688109ddba2/bin/lib2/includes",
				);
				TARGET_NAME = tool;
				USER_HEADER_SEARCH_PATHS = (
					"$(SRCROOT)",
					"$(BAZEL_OUT)/darwin_x86_64-dbg-ST-3688109ddba2/bin",
					"$(BAZEL_EXTERNAL)/examples_cc_external",
					"$(BAZEL_OUT)/darwin_x86_64-dbg-ST-3688109ddba2/bin/external/examples_cc_external",
					"$(BAZEL_EXTERNAL)/bazel_tools",
					"$(BAZEL_OUT)/darwin_x86_64-dbg-ST-3688109ddba2/bin/external/bazel_tools",
				);
			};
			name = Debug;
		};
		E855C69C42CACD967D926D33 /* Debug */ = {
			isa = XCBuildConfiguration;
			buildSettings = {
				ARCHS = x86_64;
				BAZEL_LABEL = "@examples_cc_external//:lib_impl";
				BAZEL_PACKAGE_BIN_DIR = "bazel-out/darwin_x86_64-dbg-ST-3688109ddba2/bin/external/examples_cc_external";
				BAZEL_TARGET_ID = "@examples_cc_external//:lib_impl darwin_x86_64-dbg-ST-3688109ddba2";
				"BAZEL_TARGET_ID[sdk=macosx*]" = "$(BAZEL_TARGET_ID)";
				CLANG_CXX_LANGUAGE_STANDARD = "c++0x";
				COMPILE_TARGET_NAME = lib_impl;
				DEBUG_INFORMATION_FORMAT = dwarf;
				ENABLE_BITCODE = NO;
				GCC_OPTIMIZATION_LEVEL = 0;
				GCC_PREPROCESSOR_DEFINITIONS = (
					"_FORTIFY_SOURCE=1",
					"__DATE__=\"redacted\"",
					"__TIMESTAMP__=\"redacted\"",
					"__TIME__=\"redacted\"",
					"EXTERNAL_SECRET_3=\\\"Goodbye\\\"",
				);
				GENERATE_INFOPLIST_FILE = YES;
				HEADER_SEARCH_PATHS = (
					"$(BAZEL_EXTERNAL)/examples_cc_external/private",
					"$(BAZEL_OUT)/darwin_x86_64-dbg-ST-3688109ddba2/bin/external/examples_cc_external/private",
				);
				MACOSX_DEPLOYMENT_TARGET = 12.0;
				OTHER_CFLAGS = (
					"-ivfsoverlay",
					"$(OBJROOT)/xcode-overlay.yaml",
					"-ivfsoverlay",
					"$(OBJROOT)/bazel-out-overlay.yaml",
					"-fstack-protector",
					"-Wall",
					"-Wthread-safety",
					"-Wself-assign",
					"-fno-omit-frame-pointer",
					"-no-canonical-prefixes",
					"-pthread",
					"-no-canonical-prefixes",
					"-Wno-builtin-macro-redefined",
				);
				OTHER_CPLUSPLUSFLAGS = (
					"-ivfsoverlay",
					"$(OBJROOT)/xcode-overlay.yaml",
					"-ivfsoverlay",
					"$(OBJROOT)/bazel-out-overlay.yaml",
					"-fstack-protector",
					"-Wall",
					"-Wthread-safety",
					"-Wself-assign",
					"-fno-omit-frame-pointer",
					"-no-canonical-prefixes",
					"-pthread",
					"-no-canonical-prefixes",
					"-Wno-builtin-macro-redefined",
				);
				PRODUCT_NAME = lib_impl;
				SDKROOT = macosx;
				SUPPORTED_PLATFORMS = macosx;
				SWIFT_OBJC_INTERFACE_HEADER_NAME = "";
				SWIFT_OPTIMIZATION_LEVEL = "-Onone";
				SWIFT_VERSION = 5.0;
				TARGET_NAME = lib_impl;
				USER_HEADER_SEARCH_PATHS = (
					"$(BAZEL_EXTERNAL)/examples_cc_external",
					"$(BAZEL_OUT)/darwin_x86_64-dbg-ST-3688109ddba2/bin/external/examples_cc_external",
					"$(SRCROOT)",
					"$(BAZEL_OUT)/darwin_x86_64-dbg-ST-3688109ddba2/bin",
				);
			};
			name = Debug;
		};
/* End XCBuildConfiguration section */

/* Begin XCConfigurationList section */
		1991A681A5CB88561D37B886 /* Build configuration list for PBXNativeTarget "@//lib2:lib_impl" */ = {
			isa = XCConfigurationList;
			buildConfigurations = (
				1A9608E2F82C2D509E2094E1 /* Debug */,
			);
			defaultConfigurationIsVisible = 0;
			defaultConfigurationName = Debug;
		};
		4193581FD52824B6B27A38B9 /* Build configuration list for PBXNativeTarget "@//lib:lib_impl" */ = {
			isa = XCConfigurationList;
			buildConfigurations = (
				00E49FEAD01BA87C74959D6D /* Debug */,
			);
			defaultConfigurationIsVisible = 0;
			defaultConfigurationName = Debug;
		};
		85DAE5AD4B16C63749019BBB /* Build configuration list for PBXNativeTarget "tool" */ = {
			isa = XCConfigurationList;
			buildConfigurations = (
				DE39562D4492E281F18A3205 /* Debug */,
			);
			defaultConfigurationIsVisible = 0;
			defaultConfigurationName = Debug;
		};
		8C14447CB8BDD86ECF450932 /* Build configuration list for PBXProject "bwx" */ = {
			isa = XCConfigurationList;
			buildConfigurations = (
				C221D886D6D02D33114D3473 /* Debug */,
			);
			defaultConfigurationIsVisible = 0;
			defaultConfigurationName = Debug;
		};
		A4C19F2824EAB3EBB5D7EE24 /* Build configuration list for PBXAggregateTarget "BazelDependencies" */ = {
			isa = XCConfigurationList;
			buildConfigurations = (
				67F44AB65FA7A2E38A56F5FB /* Debug */,
			);
			defaultConfigurationIsVisible = 0;
			defaultConfigurationName = Debug;
		};
		FA7CA526EED1582756E3E941 /* Build configuration list for PBXNativeTarget "@examples_cc_external//:lib_impl" */ = {
			isa = XCConfigurationList;
			buildConfigurations = (
				E855C69C42CACD967D926D33 /* Debug */,
			);
			defaultConfigurationIsVisible = 0;
			defaultConfigurationName = Debug;
		};
/* End XCConfigurationList section */
	};
	rootObject = 36B5F79C7ED8B081842AF69D /* Project object */;
}
