// !$*UTF8*$!
{
	archiveVersion = 1;
	classes = {
	};
	objectVersion = 55;
	objects = {

/* Begin PBXAggregateTarget section */
		7E7D155EBCA520F35DEA3571 /* BazelDependencies */ = {
			isa = PBXAggregateTarget;
			buildConfigurationList = 914277EC9F57B808A8817CF5 /* Build configuration list for PBXAggregateTarget "BazelDependencies" */;
			buildPhases = (
				9A630CF63C380FAE522825A9 /* Bazel Build */,
				20BEB4AE7798C11A8A904F5E /* Create swift_debug_settings.py */,
			);
			dependencies = (
			);
			name = BazelDependencies;
			productName = BazelDependencies;
		};
/* End PBXAggregateTarget section */

/* Begin PBXBuildFile section */
		03FE3512711D2137CA68D4E3 /* main.m in Sources */ = {isa = PBXBuildFile; fileRef = 714C3B383DE8270201D2FC58 /* main.m */; };
		1495947C164FF271EDF5B98F /* AddressSanitizerExamples.swift in Sources */ = {isa = PBXBuildFile; fileRef = 405E2338030A9E347CB0791D /* AddressSanitizerExamples.swift */; };
		3628D085A9B9F848C34E3C49 /* AddressSanitizerApp.swift in Sources */ = {isa = PBXBuildFile; fileRef = BE57F9778A3F4AD0EA68BB14 /* AddressSanitizerApp.swift */; };
		7AEF9C325C98FF638FC3F2C8 /* AppDelegate.m in Sources */ = {isa = PBXBuildFile; fileRef = 3945D001F7978195F13D86E8 /* AppDelegate.m */; };
		86FEFDD66076E910E67E75F0 /* ThreadSanitizerExamples.swift in Sources */ = {isa = PBXBuildFile; fileRef = 31605D05C60009A0D08B9B94 /* ThreadSanitizerExamples.swift */; };
		BA04CF9EB6428A069CEB3266 /* ContentView.swift in Sources */ = {isa = PBXBuildFile; fileRef = F803E34CFE6EB7534C4D8397 /* ContentView.swift */; };
		E78FCB719565D4B4E3345691 /* ThreadSanitizerApp.swift in Sources */ = {isa = PBXBuildFile; fileRef = B96D3163AD8FFFFD9F495865 /* ThreadSanitizerApp.swift */; };
		F182E001DF101C71093C74DC /* ContentView.swift in Sources */ = {isa = PBXBuildFile; fileRef = DECA4617845D571E9F7B72E4 /* ContentView.swift */; };
/* End PBXBuildFile section */

/* Begin PBXContainerItemProxy section */
		1F4F147886B1603B8DF68CE5 /* PBXContainerItemProxy */ = {
			isa = PBXContainerItemProxy;
			containerPortal = 0805833D09730531AD081697 /* Project object */;
			proxyType = 1;
			remoteGlobalIDString = 7E7D155EBCA520F35DEA3571;
			remoteInfo = BazelDependencies;
		};
		75A218794D17005B42EF0C6F /* PBXContainerItemProxy */ = {
			isa = PBXContainerItemProxy;
			containerPortal = 0805833D09730531AD081697 /* Project object */;
			proxyType = 1;
			remoteGlobalIDString = 7E7D155EBCA520F35DEA3571;
			remoteInfo = BazelDependencies;
		};
		7D84F20B1E474BA5D72322C4 /* PBXContainerItemProxy */ = {
			isa = PBXContainerItemProxy;
			containerPortal = 0805833D09730531AD081697 /* Project object */;
			proxyType = 1;
			remoteGlobalIDString = 7E7D155EBCA520F35DEA3571;
			remoteInfo = BazelDependencies;
		};
/* End PBXContainerItemProxy section */

/* Begin PBXFileReference section */
		0B9428EAD4A1733814FECE33 /* AppDelegate.h */ = {isa = PBXFileReference; lastKnownFileType = sourcecode.c.h; path = AppDelegate.h; sourceTree = "<group>"; };
		10E44EDE6E2DB29549ED1441 /* Info.plist */ = {isa = PBXFileReference; lastKnownFileType = text.plist; path = Info.plist; sourceTree = "<group>"; };
		13ADDAA2445C6C52653D1871 /* UndefinedBehaviorSanitizerApp.app */ = {isa = PBXFileReference; explicitFileType = wrapper.application; includeInIndex = 0; path = UndefinedBehaviorSanitizerApp.app; sourceTree = BUILT_PRODUCTS_DIR; };
		26E52E2622232C7F5DBD0EBA /* BUILD */ = {isa = PBXFileReference; explicitFileType = text.script.python; path = BUILD; sourceTree = "<group>"; };
		31605D05C60009A0D08B9B94 /* ThreadSanitizerExamples.swift */ = {isa = PBXFileReference; lastKnownFileType = sourcecode.swift; path = ThreadSanitizerExamples.swift; sourceTree = "<group>"; };
		35CE8FCBD1A54AE91A559950 /* Info.plist */ = {isa = PBXFileReference; lastKnownFileType = text.plist; path = Info.plist; sourceTree = "<group>"; };
		393E2FB1D64CAD0A21436DE1 /* ThreadSanitizerApp.app */ = {isa = PBXFileReference; explicitFileType = wrapper.application; includeInIndex = 0; path = ThreadSanitizerApp.app; sourceTree = BUILT_PRODUCTS_DIR; };
		3945D001F7978195F13D86E8 /* AppDelegate.m */ = {isa = PBXFileReference; lastKnownFileType = sourcecode.c.objc; path = AppDelegate.m; sourceTree = "<group>"; };
		3D24A86628F76477368B006A /* Info.plist */ = {isa = PBXFileReference; lastKnownFileType = text.plist; path = Info.plist; sourceTree = "<group>"; };
		405E2338030A9E347CB0791D /* AddressSanitizerExamples.swift */ = {isa = PBXFileReference; lastKnownFileType = sourcecode.swift; path = AddressSanitizerExamples.swift; sourceTree = "<group>"; };
		448C81B59E9C31BF6D7E87C7 /* AddressSanitizerApp.app */ = {isa = PBXFileReference; explicitFileType = wrapper.application; includeInIndex = 0; path = AddressSanitizerApp.app; sourceTree = BUILT_PRODUCTS_DIR; };
		483A0301B61EFBAC6603F97B /* Info.plist */ = {isa = PBXFileReference; lastKnownFileType = text.plist; path = Info.plist; sourceTree = "<group>"; };
		714C3B383DE8270201D2FC58 /* main.m */ = {isa = PBXFileReference; lastKnownFileType = sourcecode.c.objc; path = main.m; sourceTree = "<group>"; };
		95250FA81C311CA5887CC233 /* Info.plist */ = {isa = PBXFileReference; lastKnownFileType = text.plist; path = Info.plist; sourceTree = "<group>"; };
		A49E716CE093E43D1945E4BE /* Info.plist */ = {isa = PBXFileReference; lastKnownFileType = text.plist; path = Info.plist; sourceTree = "<group>"; };
		B96D3163AD8FFFFD9F495865 /* ThreadSanitizerApp.swift */ = {isa = PBXFileReference; lastKnownFileType = sourcecode.swift; path = ThreadSanitizerApp.swift; sourceTree = "<group>"; };
		BE57F9778A3F4AD0EA68BB14 /* AddressSanitizerApp.swift */ = {isa = PBXFileReference; lastKnownFileType = sourcecode.swift; path = AddressSanitizerApp.swift; sourceTree = "<group>"; };
		C16EFF4FE3A4534D6B210516 /* BUILD */ = {isa = PBXFileReference; explicitFileType = text.script.python; path = BUILD; sourceTree = "<group>"; };
		D79496937A17CB3117FB5E8F /* BUILD */ = {isa = PBXFileReference; explicitFileType = text.script.python; path = BUILD; sourceTree = "<group>"; };
		D8AD8083E83BA5E1DA4C2EEB /* BUILD */ = {isa = PBXFileReference; explicitFileType = text.script.python; path = BUILD; sourceTree = "<group>"; };
		DECA4617845D571E9F7B72E4 /* ContentView.swift */ = {isa = PBXFileReference; lastKnownFileType = sourcecode.swift; path = ContentView.swift; sourceTree = "<group>"; };
		F803E34CFE6EB7534C4D8397 /* ContentView.swift */ = {isa = PBXFileReference; lastKnownFileType = sourcecode.swift; path = ContentView.swift; sourceTree = "<group>"; };
/* End PBXFileReference section */

/* Begin PBXGroup section */
		11D54F2719B9BEE69ABBDEC1 /* applebin_ios-ios_x86_64-dbg-ST-9fcfb6a7af56 */ = {
			isa = PBXGroup;
			children = (
				F2235F2F43C863061C3BFC01 /* bin */,
			);
			path = "applebin_ios-ios_x86_64-dbg-ST-9fcfb6a7af56";
			sourceTree = "<group>";
		};
		1B090DEBA40C567745F9B83B /* test */ = {
			isa = PBXGroup;
			children = (
				B0C16C061816AA8C36F15831 /* fixtures */,
			);
			path = test;
			sourceTree = "<group>";
		};
		1B578C5906901330C4ED8C35 /* AddressSanitizerApp */ = {
			isa = PBXGroup;
			children = (
				BE57F9778A3F4AD0EA68BB14 /* AddressSanitizerApp.swift */,
				405E2338030A9E347CB0791D /* AddressSanitizerExamples.swift */,
				C16EFF4FE3A4534D6B210516 /* BUILD */,
				DECA4617845D571E9F7B72E4 /* ContentView.swift */,
				10E44EDE6E2DB29549ED1441 /* Info.plist */,
			);
			path = AddressSanitizerApp;
			sourceTree = "<group>";
		};
		1D9CAE049405959D6E864FA7 /* Sources */ = {
			isa = PBXGroup;
			children = (
				0B9428EAD4A1733814FECE33 /* AppDelegate.h */,
				3945D001F7978195F13D86E8 /* AppDelegate.m */,
				714C3B383DE8270201D2FC58 /* main.m */,
			);
			path = Sources;
			sourceTree = "<group>";
		};
		3E5A15E2622C4696083C92B4 /* rules_xcodeproj */ = {
			isa = PBXGroup;
			children = (
				451F71EF2290C6DFB706DBBF /* ThreadSanitizerApp */,
			);
			path = rules_xcodeproj;
			sourceTree = "<group>";
		};
		446BDAB1907BD1177767CFA0 /* Products */ = {
			isa = PBXGroup;
			children = (
				448C81B59E9C31BF6D7E87C7 /* AddressSanitizerApp.app */,
				393E2FB1D64CAD0A21436DE1 /* ThreadSanitizerApp.app */,
				13ADDAA2445C6C52653D1871 /* UndefinedBehaviorSanitizerApp.app */,
			);
			name = Products;
			sourceTree = "<group>";
		};
		451F71EF2290C6DFB706DBBF /* ThreadSanitizerApp */ = {
			isa = PBXGroup;
			children = (
				483A0301B61EFBAC6603F97B /* Info.plist */,
			);
			path = ThreadSanitizerApp;
			sourceTree = "<group>";
		};
		524E598ADA4409CBCED6E7AA /* ThreadSanitizerApp */ = {
			isa = PBXGroup;
			children = (
				3E5A15E2622C4696083C92B4 /* rules_xcodeproj */,
			);
			path = ThreadSanitizerApp;
			sourceTree = "<group>";
		};
		6BC6B4D257714FF558826529 /* ../../../../../.. */ = {
			isa = PBXGroup;
			children = (
				1B578C5906901330C4ED8C35 /* AddressSanitizerApp */,
				1B090DEBA40C567745F9B83B /* test */,
				CD6BBE16F6B11FB09B5565A0 /* ThreadSanitizerApp */,
				F7C31DA35D09EC24A84FB83A /* UndefinedBehaviorSanitizerApp */,
				B82FA4C0598110291AF13437 /* Bazel Generated Files */,
				446BDAB1907BD1177767CFA0 /* Products */,
				D29ED204A9CCE50C1A0DA760 /* Frameworks */,
			);
			path = ../../../../../..;
			sourceTree = "<group>";
		};
		83FA44A06B93B26EAB39F19F /* AddressSanitizerApp */ = {
			isa = PBXGroup;
			children = (
				BB1670CC51D98BC951A150F6 /* rules_xcodeproj */,
			);
			path = AddressSanitizerApp;
			sourceTree = "<group>";
		};
		A6FBC5926E99DED8DB546F00 /* UndefinedBehaviorSanitizerApp */ = {
			isa = PBXGroup;
			children = (
				FD3ECC11902BFBEB8467A715 /* rules_xcodeproj */,
			);
			path = UndefinedBehaviorSanitizerApp;
			sourceTree = "<group>";
		};
		B0C16C061816AA8C36F15831 /* fixtures */ = {
			isa = PBXGroup;
			children = (
				26E52E2622232C7F5DBD0EBA /* BUILD */,
			);
			path = fixtures;
			sourceTree = "<group>";
		};
		B82FA4C0598110291AF13437 /* Bazel Generated Files */ = {
			isa = PBXGroup;
			children = (
				11D54F2719B9BEE69ABBDEC1 /* applebin_ios-ios_x86_64-dbg-ST-9fcfb6a7af56 */,
			);
			name = "Bazel Generated Files";
			path = "bazel-out";
			sourceTree = SOURCE_ROOT;
		};
		BB1670CC51D98BC951A150F6 /* rules_xcodeproj */ = {
			isa = PBXGroup;
			children = (
				F44062924A2D5166B57D79DC /* AddressSanitizerApp */,
			);
			path = rules_xcodeproj;
			sourceTree = "<group>";
		};
		CD6BBE16F6B11FB09B5565A0 /* ThreadSanitizerApp */ = {
			isa = PBXGroup;
			children = (
				D8AD8083E83BA5E1DA4C2EEB /* BUILD */,
				F803E34CFE6EB7534C4D8397 /* ContentView.swift */,
				35CE8FCBD1A54AE91A559950 /* Info.plist */,
				B96D3163AD8FFFFD9F495865 /* ThreadSanitizerApp.swift */,
				31605D05C60009A0D08B9B94 /* ThreadSanitizerExamples.swift */,
			);
			path = ThreadSanitizerApp;
			sourceTree = "<group>";
		};
		D29ED204A9CCE50C1A0DA760 /* Frameworks */ = {
			isa = PBXGroup;
			children = (
			);
			name = Frameworks;
			sourceTree = "<group>";
		};
		E03A4B20A3CE9E3B6A8F43C4 /* UndefinedBehaviorSanitizerApp */ = {
			isa = PBXGroup;
			children = (
				95250FA81C311CA5887CC233 /* Info.plist */,
			);
			path = UndefinedBehaviorSanitizerApp;
			sourceTree = "<group>";
		};
		F2235F2F43C863061C3BFC01 /* bin */ = {
			isa = PBXGroup;
			children = (
				83FA44A06B93B26EAB39F19F /* AddressSanitizerApp */,
				524E598ADA4409CBCED6E7AA /* ThreadSanitizerApp */,
				A6FBC5926E99DED8DB546F00 /* UndefinedBehaviorSanitizerApp */,
			);
			path = bin;
			sourceTree = "<group>";
		};
		F44062924A2D5166B57D79DC /* AddressSanitizerApp */ = {
			isa = PBXGroup;
			children = (
				A49E716CE093E43D1945E4BE /* Info.plist */,
			);
			path = AddressSanitizerApp;
			sourceTree = "<group>";
		};
		F7C31DA35D09EC24A84FB83A /* UndefinedBehaviorSanitizerApp */ = {
			isa = PBXGroup;
			children = (
				1D9CAE049405959D6E864FA7 /* Sources */,
				D79496937A17CB3117FB5E8F /* BUILD */,
				3D24A86628F76477368B006A /* Info.plist */,
			);
			path = UndefinedBehaviorSanitizerApp;
			sourceTree = "<group>";
		};
		FD3ECC11902BFBEB8467A715 /* rules_xcodeproj */ = {
			isa = PBXGroup;
			children = (
				E03A4B20A3CE9E3B6A8F43C4 /* UndefinedBehaviorSanitizerApp */,
			);
			path = rules_xcodeproj;
			sourceTree = "<group>";
		};
/* End PBXGroup section */

/* Begin PBXNativeTarget section */
		469DDB537DCBED783EA330DB /* AddressSanitizerApp */ = {
			isa = PBXNativeTarget;
			buildConfigurationList = 019FE0CB3277299C53E8849F /* Build configuration list for PBXNativeTarget "AddressSanitizerApp" */;
			buildPhases = (
				20C40F57A0089E8CD64F8A80 /* Copy Bazel Outputs */,
				18AA58D692FF72040878187B /* Create linking dependencies */,
				4792A74714DC1D313B0E084D /* Sources */,
			);
			buildRules = (
			);
			dependencies = (
				0D96213066230FD411D73674 /* PBXTargetDependency */,
			);
			name = AddressSanitizerApp;
			productName = AddressSanitizerApp;
			productReference = 448C81B59E9C31BF6D7E87C7 /* AddressSanitizerApp.app */;
			productType = "com.apple.product-type.application";
		};
		BFCA7B92B9E6FD90B736F080 /* UndefinedBehaviorSanitizerApp */ = {
			isa = PBXNativeTarget;
			buildConfigurationList = 7BD032E62CF3E4BDC11F6819 /* Build configuration list for PBXNativeTarget "UndefinedBehaviorSanitizerApp" */;
			buildPhases = (
				186F58A0741AB53DFFDA18F4 /* Copy Bazel Outputs */,
				7ABB1254232F633B0BB8FF0E /* Create linking dependencies */,
				123696DA2AFD12589C9836DA /* Sources */,
			);
			buildRules = (
			);
			dependencies = (
				512898EDE52716C199CF59A8 /* PBXTargetDependency */,
			);
			name = UndefinedBehaviorSanitizerApp;
			productName = UndefinedBehaviorSanitizerApp;
			productReference = 13ADDAA2445C6C52653D1871 /* UndefinedBehaviorSanitizerApp.app */;
			productType = "com.apple.product-type.application";
		};
		ED825FF2BCA76CF484AE0486 /* ThreadSanitizerApp */ = {
			isa = PBXNativeTarget;
			buildConfigurationList = D525AFE8A620E02798D82753 /* Build configuration list for PBXNativeTarget "ThreadSanitizerApp" */;
			buildPhases = (
				B13BF0B7A3252FCE8DF4D0FE /* Copy Bazel Outputs */,
				6B484573E412628982D5B72E /* Create linking dependencies */,
				A93240159FFDD47DD6077BF3 /* Sources */,
			);
			buildRules = (
			);
			dependencies = (
				15C5607D4532DE2743ECAB4C /* PBXTargetDependency */,
			);
			name = ThreadSanitizerApp;
			productName = ThreadSanitizerApp;
			productReference = 393E2FB1D64CAD0A21436DE1 /* ThreadSanitizerApp.app */;
			productType = "com.apple.product-type.application";
		};
/* End PBXNativeTarget section */

/* Begin PBXProject section */
		0805833D09730531AD081697 /* Project object */ = {
			isa = PBXProject;
			attributes = {
				BuildIndependentTargetsInParallel = 1;
				LastSwiftUpdateCheck = 9999;
				LastUpgradeCheck = 9999;
				TargetAttributes = {
					469DDB537DCBED783EA330DB = {
						CreatedOnToolsVersion = 13.2.1;
						LastSwiftMigration = 9999;
					};
					7E7D155EBCA520F35DEA3571 = {
						CreatedOnToolsVersion = 13.2.1;
					};
					BFCA7B92B9E6FD90B736F080 = {
						CreatedOnToolsVersion = 13.2.1;
						LastSwiftMigration = 9999;
					};
					ED825FF2BCA76CF484AE0486 = {
						CreatedOnToolsVersion = 13.2.1;
						LastSwiftMigration = 9999;
					};
				};
			};
			buildConfigurationList = 669B787A5412989389D7BAD5 /* Build configuration list for PBXProject "bwb" */;
			compatibilityVersion = "Xcode 13.0";
			developmentRegion = en;
			hasScannedForEncodings = 0;
			knownRegions = (
				en,
				Base,
			);
			mainGroup = 6BC6B4D257714FF558826529 /* ../../../../../.. */;
			productRefGroup = 446BDAB1907BD1177767CFA0 /* Products */;
			projectDirPath = "../../bazel-output-base/execroot/_rules_xcodeproj/build_output_base/execroot/__main__";
			projectRoot = "";
			targets = (
				7E7D155EBCA520F35DEA3571 /* BazelDependencies */,
				469DDB537DCBED783EA330DB /* AddressSanitizerApp */,
				ED825FF2BCA76CF484AE0486 /* ThreadSanitizerApp */,
				BFCA7B92B9E6FD90B736F080 /* UndefinedBehaviorSanitizerApp */,
			);
		};
/* End PBXProject section */

/* Begin PBXShellScriptBuildPhase section */
		186F58A0741AB53DFFDA18F4 /* Copy Bazel Outputs */ = {
			isa = PBXShellScriptBuildPhase;
			alwaysOutOfDate = 1;
			buildActionMask = 2147483647;
			files = (
			);
			inputPaths = (
				"$(TARGET_BUILD_DIR)/$(INFOPLIST_PATH)",
			);
			name = "Copy Bazel Outputs";
			outputPaths = (
			);
			runOnlyForDeploymentPostprocessing = 0;
			shellPath = /bin/sh;
			shellScript = "set -euo pipefail\n\n\"$BAZEL_INTEGRATION_DIR/copy_outputs.sh\" \\\n  \"_BazelForcedCompile_.swift\" \\\n  \"UndefinedBehaviorSanitizerApp.app\" \\\n  \"$INTERNAL_DIR/app.exclude.rsynclist\"\n";
			showEnvVarsInLog = 0;
		};
		18AA58D692FF72040878187B /* Create linking dependencies */ = {
			isa = PBXShellScriptBuildPhase;
			buildActionMask = 2147483647;
			files = (
			);
			inputPaths = (
				"$(LINK_PARAMS_FILE)",
			);
			name = "Create linking dependencies";
			outputPaths = (
				"$(DERIVED_FILE_DIR)/link.params",
			);
			runOnlyForDeploymentPostprocessing = 0;
			shellPath = /bin/sh;
			shellScript = "perl -pe 's/^(\"?)(.*\\$\\(.*\\).*?)(\"?)$/\"$2\"/ ; s/\\$(\\()?([a-zA-Z_]\\w*)(?(1)\\))/$ENV{$2}/g' \\\n  \"$SCRIPT_INPUT_FILE_0\" > \"$SCRIPT_OUTPUT_FILE_0\"\n";
			showEnvVarsInLog = 0;
		};
		20BEB4AE7798C11A8A904F5E /* Create swift_debug_settings.py */ = {
			isa = PBXShellScriptBuildPhase;
			buildActionMask = 2147483647;
			files = (
			);
			inputPaths = (
				"$(INTERNAL_DIR)/swift_debug_settings.py",
			);
			name = "Create swift_debug_settings.py";
			outputPaths = (
				"$(OBJROOT)/swift_debug_settings.py",
			);
			runOnlyForDeploymentPostprocessing = 0;
			shellPath = /bin/sh;
			shellScript = "perl -pe 's/\\$(\\()?([a-zA-Z_]\\w*)(?(1)\\))/$ENV{$2}/g' \\\n  \"$SCRIPT_INPUT_FILE_0\" > \"$SCRIPT_OUTPUT_FILE_0\"\n";
			showEnvVarsInLog = 0;
		};
		20C40F57A0089E8CD64F8A80 /* Copy Bazel Outputs */ = {
			isa = PBXShellScriptBuildPhase;
			alwaysOutOfDate = 1;
			buildActionMask = 2147483647;
			files = (
			);
			inputPaths = (
				"$(TARGET_BUILD_DIR)/$(INFOPLIST_PATH)",
			);
			name = "Copy Bazel Outputs";
			outputPaths = (
			);
			runOnlyForDeploymentPostprocessing = 0;
			shellPath = /bin/sh;
			shellScript = "set -euo pipefail\n\n\"$BAZEL_INTEGRATION_DIR/copy_outputs.sh\" \\\n  \"_BazelForcedCompile_.swift\" \\\n  \"AddressSanitizerApp.app\" \\\n  \"$INTERNAL_DIR/app.exclude.rsynclist\"\n";
			showEnvVarsInLog = 0;
		};
		6B484573E412628982D5B72E /* Create linking dependencies */ = {
			isa = PBXShellScriptBuildPhase;
			buildActionMask = 2147483647;
			files = (
			);
			inputPaths = (
				"$(LINK_PARAMS_FILE)",
			);
			name = "Create linking dependencies";
			outputPaths = (
				"$(DERIVED_FILE_DIR)/link.params",
			);
			runOnlyForDeploymentPostprocessing = 0;
			shellPath = /bin/sh;
			shellScript = "perl -pe 's/^(\"?)(.*\\$\\(.*\\).*?)(\"?)$/\"$2\"/ ; s/\\$(\\()?([a-zA-Z_]\\w*)(?(1)\\))/$ENV{$2}/g' \\\n  \"$SCRIPT_INPUT_FILE_0\" > \"$SCRIPT_OUTPUT_FILE_0\"\n";
			showEnvVarsInLog = 0;
		};
		7ABB1254232F633B0BB8FF0E /* Create linking dependencies */ = {
			isa = PBXShellScriptBuildPhase;
			buildActionMask = 2147483647;
			files = (
			);
			inputPaths = (
				"$(LINK_PARAMS_FILE)",
			);
			name = "Create linking dependencies";
			outputPaths = (
				"$(DERIVED_FILE_DIR)/link.params",
			);
			runOnlyForDeploymentPostprocessing = 0;
			shellPath = /bin/sh;
			shellScript = "perl -pe 's/^(\"?)(.*\\$\\(.*\\).*?)(\"?)$/\"$2\"/ ; s/\\$(\\()?([a-zA-Z_]\\w*)(?(1)\\))/$ENV{$2}/g' \\\n  \"$SCRIPT_INPUT_FILE_0\" > \"$SCRIPT_OUTPUT_FILE_0\"\n";
			showEnvVarsInLog = 0;
		};
		9A630CF63C380FAE522825A9 /* Bazel Build */ = {
			isa = PBXShellScriptBuildPhase;
			alwaysOutOfDate = 1;
			buildActionMask = 2147483647;
			files = (
			);
			inputPaths = (
			);
			name = "Bazel Build";
			outputFileListPaths = (
				"$(INTERNAL_DIR)/generated.xcfilelist",
			);
			outputPaths = (
			);
			runOnlyForDeploymentPostprocessing = 0;
			shellPath = /bin/sh;
			shellScript = "\"$BAZEL_INTEGRATION_DIR/generate_bazel_dependencies.sh\"\n";
			showEnvVarsInLog = 0;
		};
		B13BF0B7A3252FCE8DF4D0FE /* Copy Bazel Outputs */ = {
			isa = PBXShellScriptBuildPhase;
			alwaysOutOfDate = 1;
			buildActionMask = 2147483647;
			files = (
			);
			inputPaths = (
				"$(TARGET_BUILD_DIR)/$(INFOPLIST_PATH)",
			);
			name = "Copy Bazel Outputs";
			outputPaths = (
			);
			runOnlyForDeploymentPostprocessing = 0;
			shellPath = /bin/sh;
			shellScript = "set -euo pipefail\n\n\"$BAZEL_INTEGRATION_DIR/copy_outputs.sh\" \\\n  \"_BazelForcedCompile_.swift\" \\\n  \"ThreadSanitizerApp.app\" \\\n  \"$INTERNAL_DIR/app.exclude.rsynclist\"\n";
			showEnvVarsInLog = 0;
		};
/* End PBXShellScriptBuildPhase section */

/* Begin PBXSourcesBuildPhase section */
		123696DA2AFD12589C9836DA /* Sources */ = {
			isa = PBXSourcesBuildPhase;
			buildActionMask = 2147483647;
			files = (
				7AEF9C325C98FF638FC3F2C8 /* AppDelegate.m in Sources */,
				03FE3512711D2137CA68D4E3 /* main.m in Sources */,
			);
			runOnlyForDeploymentPostprocessing = 0;
		};
		4792A74714DC1D313B0E084D /* Sources */ = {
			isa = PBXSourcesBuildPhase;
			buildActionMask = 2147483647;
			files = (
				3628D085A9B9F848C34E3C49 /* AddressSanitizerApp.swift in Sources */,
				1495947C164FF271EDF5B98F /* AddressSanitizerExamples.swift in Sources */,
				F182E001DF101C71093C74DC /* ContentView.swift in Sources */,
			);
			runOnlyForDeploymentPostprocessing = 0;
		};
		A93240159FFDD47DD6077BF3 /* Sources */ = {
			isa = PBXSourcesBuildPhase;
			buildActionMask = 2147483647;
			files = (
				BA04CF9EB6428A069CEB3266 /* ContentView.swift in Sources */,
				E78FCB719565D4B4E3345691 /* ThreadSanitizerApp.swift in Sources */,
				86FEFDD66076E910E67E75F0 /* ThreadSanitizerExamples.swift in Sources */,
			);
			runOnlyForDeploymentPostprocessing = 0;
		};
/* End PBXSourcesBuildPhase section */

/* Begin PBXTargetDependency section */
		0D96213066230FD411D73674 /* PBXTargetDependency */ = {
			isa = PBXTargetDependency;
			name = BazelDependencies;
			target = 7E7D155EBCA520F35DEA3571 /* BazelDependencies */;
			targetProxy = 75A218794D17005B42EF0C6F /* PBXContainerItemProxy */;
		};
		15C5607D4532DE2743ECAB4C /* PBXTargetDependency */ = {
			isa = PBXTargetDependency;
			name = BazelDependencies;
			target = 7E7D155EBCA520F35DEA3571 /* BazelDependencies */;
			targetProxy = 7D84F20B1E474BA5D72322C4 /* PBXContainerItemProxy */;
		};
		512898EDE52716C199CF59A8 /* PBXTargetDependency */ = {
			isa = PBXTargetDependency;
			name = BazelDependencies;
			target = 7E7D155EBCA520F35DEA3571 /* BazelDependencies */;
			targetProxy = 1F4F147886B1603B8DF68CE5 /* PBXContainerItemProxy */;
		};
/* End PBXTargetDependency section */

/* Begin XCBuildConfiguration section */
		1A52419B1CA8D9B97CC9144B /* Debug */ = {
			isa = XCBuildConfiguration;
			buildSettings = {
				ARCHS = x86_64;
				BAZEL_COMPILE_TARGET_ID = "//UndefinedBehaviorSanitizerApp:UndefinedBehaviorSanitizerApp.library ios-x86_64-min15.0-applebin_ios-ios_x86_64-dbg-ST-9fcfb6a7af56";
				"BAZEL_COMPILE_TARGET_ID[sdk=iphonesimulator*]" = "$(BAZEL_COMPILE_TARGET_ID)";
				BAZEL_LABEL = "@//UndefinedBehaviorSanitizerApp:UndefinedBehaviorSanitizerApp";
				BAZEL_OUTPUTS_PRODUCT = "bazel-out/applebin_ios-ios_x86_64-dbg-ST-9fcfb6a7af56/bin/UndefinedBehaviorSanitizerApp/UndefinedBehaviorSanitizerApp.ipa";
				BAZEL_PACKAGE_BIN_DIR = "bazel-out/applebin_ios-ios_x86_64-dbg-ST-9fcfb6a7af56/bin/UndefinedBehaviorSanitizerApp";
				BAZEL_TARGET_ID = "//UndefinedBehaviorSanitizerApp:UndefinedBehaviorSanitizerApp applebin_ios-ios_x86_64-dbg-ST-9fcfb6a7af56";
				"BAZEL_TARGET_ID[sdk=iphonesimulator*]" = "$(BAZEL_TARGET_ID)";
				BUILT_PRODUCTS_DIR = "$(CONFIGURATION_BUILD_DIR)";
				CLANG_CXX_LANGUAGE_STANDARD = "gnu++0x";
				CLANG_CXX_LIBRARY = "libc++";
				CODE_SIGN_STYLE = Manual;
				COMPILE_TARGET_NAME = UndefinedBehaviorSanitizerApp.library;
				DEBUG_INFORMATION_FORMAT = dwarf;
				DEPLOYMENT_LOCATION = NO;
				ENABLE_BITCODE = NO;
				GCC_OPTIMIZATION_LEVEL = 0;
				GCC_PREPROCESSOR_DEFINITIONS = (
					"_FORTIFY_SOURCE=1",
					OS_IOS,
					"DEBUG=1",
				);
				INFOPLIST_FILE = "bazel-out/applebin_ios-ios_x86_64-dbg-ST-9fcfb6a7af56/bin/UndefinedBehaviorSanitizerApp/rules_xcodeproj/UndefinedBehaviorSanitizerApp/Info.plist";
				IPHONEOS_DEPLOYMENT_TARGET = 15.0;
				LD_RUNPATH_SEARCH_PATHS = (
					"$(inherited)",
					"@executable_path/Frameworks",
				);
				LINK_PARAMS_FILE = "$(INTERNAL_DIR)/targets/applebin_ios-ios_x86_64-dbg-ST-9fcfb6a7af56/UndefinedBehaviorSanitizerApp/UndefinedBehaviorSanitizerApp.link.params";
				OTHER_CFLAGS = (
					"-ivfsoverlay",
					"$(OBJROOT)/bazel-out-overlay.yaml",
					"-fstack-protector",
					"-Wall",
					"-Wthread-safety",
					"-Wself-assign",
					"-fno-omit-frame-pointer",
					"-Wshorten-64-to-32",
					"-Wbool-conversion",
					"-Wconstant-conversion",
					"-Wduplicate-method-match",
					"-Wempty-body",
					"-Wenum-conversion",
					"-Wint-conversion",
					"-Wunreachable-code",
					"-Wmismatched-return-types",
					"-Wundeclared-selector",
					"-Wuninitialized",
					"-Wunused-function",
					"-Wunused-variable",
					"-fno-autolink",
					"-fexceptions",
					"-fasm-blocks",
					"-fobjc-abi-version=2",
					"-fobjc-legacy-dispatch",
					"-fstack-protector",
					"-fstack-protector-all",
				);
				OTHER_CPLUSPLUSFLAGS = (
					"-ivfsoverlay",
					"$(OBJROOT)/bazel-out-overlay.yaml",
					"-fstack-protector",
					"-Wall",
					"-Wthread-safety",
					"-Wself-assign",
					"-fno-omit-frame-pointer",
					"-Wshorten-64-to-32",
					"-Wbool-conversion",
					"-Wconstant-conversion",
					"-Wduplicate-method-match",
					"-Wempty-body",
					"-Wenum-conversion",
					"-Wint-conversion",
					"-Wunreachable-code",
					"-Wmismatched-return-types",
					"-Wundeclared-selector",
					"-Wuninitialized",
					"-Wunused-function",
					"-Wunused-variable",
					"-fno-autolink",
					"-fexceptions",
					"-fasm-blocks",
					"-fobjc-abi-version=2",
					"-fobjc-legacy-dispatch",
					"-fstack-protector",
					"-fstack-protector-all",
				);
				OTHER_LDFLAGS = "@$(DERIVED_FILE_DIR)/link.params";
				OTHER_SWIFT_FLAGS = "-Xcc -working-directory=$(PROJECT_DIR) -working-directory=$(PROJECT_DIR)";
				PRODUCT_BUNDLE_IDENTIFIER = io.buildbuddy.example;
				PRODUCT_NAME = UndefinedBehaviorSanitizerApp;
				SDKROOT = iphoneos;
				SUPPORTED_PLATFORMS = iphonesimulator;
				SUPPORTS_MAC_DESIGNED_FOR_IPHONE_IPAD = NO;
				SWIFT_OBJC_INTERFACE_HEADER_NAME = "";
				SWIFT_OPTIMIZATION_LEVEL = "-Onone";
				SWIFT_VERSION = 5.0;
				TARGETED_DEVICE_FAMILY = 1;
				TARGET_NAME = UndefinedBehaviorSanitizerApp;
				USER_HEADER_SEARCH_PATHS = (
					"$(SRCROOT)",
					"$(BAZEL_OUT)/ios-x86_64-min15.0-applebin_ios-ios_x86_64-dbg-ST-9fcfb6a7af56/bin",
				);
			};
			name = Debug;
		};
		5AFD85147E5F7EEA259481C2 /* Debug */ = {
			isa = XCBuildConfiguration;
			buildSettings = {
				BAZEL_CONFIG = rules_xcodeproj;
				BAZEL_PACKAGE_BIN_DIR = rules_xcodeproj;
				CALCULATE_OUTPUT_GROUPS_SCRIPT = "$(BAZEL_INTEGRATION_DIR)/calculate_output_groups.py";
				GENERATOR_LABEL = "@//test/fixtures:xcodeproj_bwb.generator";
				GENERATOR_PACKAGE_BIN_DIR = "darwin_x86_64-dbg-ST-14942f8a2d44/bin/test/fixtures";
				GENERATOR_TARGET_NAME = xcodeproj_bwb.generator;
				INDEX_DATA_STORE_DIR = "$(INDEX_DATA_STORE_DIR)";
				INDEX_IMPORT = "$(BAZEL_OUT)/darwin_x86_64-opt-exec-2B5CBBC6-ST-8b5ad9965560/bin/external/rules_xcodeproj_index_import/index-import";
				RESOLVED_EXTERNAL_REPOSITORIES = "";
				RULES_XCODEPROJ_BUILD_MODE = bazel;
				SUPPORTED_PLATFORMS = iphonesimulator;
				SUPPORTS_MACCATALYST = YES;
				TARGET_NAME = BazelDependencies;
			};
			name = Debug;
		};
		B0892EE2AB907B40AA4EB960 /* Debug */ = {
			isa = XCBuildConfiguration;
			buildSettings = {
				ALWAYS_SEARCH_USER_PATHS = NO;
				BAZEL_EXTERNAL = "$(PROJECT_DIR)/external";
				BAZEL_INTEGRATION_DIR = "$(INTERNAL_DIR)/bazel";
				BAZEL_LLDB_INIT = "$(OBJROOT)/bazel.lldbinit";
				BAZEL_OUT = "$(PROJECT_DIR)/bazel-out";
				BAZEL_PATH = bazel;
				BAZEL_WORKSPACE_ROOT = "$(SRCROOT)";
				BUILD_DIR = "$(SYMROOT)/$(CONFIGURATION)$(EFFECTIVE_PLATFORM_NAME)";
				BUILD_WORKSPACE_DIRECTORY = "$(SRCROOT)";
				BUILT_PRODUCTS_DIR = "$(INDEXING_BUILT_PRODUCTS_DIR__$(INDEX_ENABLE_BUILD_ARENA))";
				CC = "$(BAZEL_INTEGRATION_DIR)/clang.sh";
				CLANG_ENABLE_OBJC_ARC = YES;
				CLANG_MODULES_AUTOLINK = NO;
				CODE_SIGNING_ALLOWED = NO;
				CONFIGURATION_BUILD_DIR = "$(BUILD_DIR)/$(BAZEL_PACKAGE_BIN_DIR)";
				COPY_PHASE_STRIP = NO;
				CXX = "$(BAZEL_INTEGRATION_DIR)/clang.sh";
				DEPLOYMENT_LOCATION = "$(INDEXING_DEPLOYMENT_LOCATION__$(INDEX_ENABLE_BUILD_ARENA)),";
				DSTROOT = "$(PROJECT_TEMP_DIR)";
				ENABLE_DEFAULT_SEARCH_PATHS = NO;
				INDEXING_BUILT_PRODUCTS_DIR__ = "$(INDEXING_BUILT_PRODUCTS_DIR__NO)";
				INDEXING_BUILT_PRODUCTS_DIR__NO = "$(BUILD_DIR)";
				INDEXING_BUILT_PRODUCTS_DIR__YES = "$(CONFIGURATION_BUILD_DIR)";
				INDEXING_DEPLOYMENT_LOCATION__ = "$(INDEXING_DEPLOYMENT_LOCATION__NO)";
				INDEXING_DEPLOYMENT_LOCATION__NO = YES;
				INDEXING_DEPLOYMENT_LOCATION__YES = NO;
				INDEX_FORCE_SCRIPT_EXECUTION = YES;
				INSTALL_PATH = "$(BAZEL_PACKAGE_BIN_DIR)/$(TARGET_NAME)/bin";
				INTERNAL_DIR = "$(PROJECT_FILE_PATH)/rules_xcodeproj";
				LD = "$(BAZEL_INTEGRATION_DIR)/ld.sh";
				LDPLUSPLUS = "$(BAZEL_INTEGRATION_DIR)/ld.sh";
				LIBTOOL = "$(BAZEL_INTEGRATION_DIR)/libtool.sh";
				LINKS_DIR = "$(INTERNAL_DIR)/links";
				ONLY_ACTIVE_ARCH = YES;
				SCHEME_TARGET_IDS_FILE = "$(OBJROOT)/scheme_target_ids";
				SRCROOT = "$(_SRCROOT:standardizepath)";
				SUPPORTS_MACCATALYST = NO;
				SWIFT_EXEC = "$(BAZEL_INTEGRATION_DIR)/swiftc";
				SWIFT_OPTIMIZATION_LEVEL = "-Onone";
				SWIFT_USE_INTEGRATED_DRIVER = NO;
				TARGET_TEMP_DIR = "$(PROJECT_TEMP_DIR)/$(BAZEL_PACKAGE_BIN_DIR)/$(COMPILE_TARGET_NAME)";
				USE_HEADERMAP = NO;
				VALIDATE_WORKSPACE = NO;
				_SRCROOT = "$(PROJECT_DIR)/../../../../../..";
			};
			name = Debug;
		};
		B493234AE4261977AE873129 /* Debug */ = {
			isa = XCBuildConfiguration;
			buildSettings = {
				ARCHS = x86_64;
				BAZEL_COMPILE_TARGET_ID = "//ThreadSanitizerApp:ThreadSanitizerApp.library ios-x86_64-min15.0-applebin_ios-ios_x86_64-dbg-ST-9fcfb6a7af56";
				"BAZEL_COMPILE_TARGET_ID[sdk=iphonesimulator*]" = "$(BAZEL_COMPILE_TARGET_ID)";
				BAZEL_LABEL = "@//ThreadSanitizerApp:ThreadSanitizerApp";
				BAZEL_OUTPUTS_PRODUCT = "bazel-out/applebin_ios-ios_x86_64-dbg-ST-9fcfb6a7af56/bin/ThreadSanitizerApp/ThreadSanitizerApp.ipa";
				BAZEL_PACKAGE_BIN_DIR = "bazel-out/applebin_ios-ios_x86_64-dbg-ST-9fcfb6a7af56/bin/ThreadSanitizerApp";
				BAZEL_TARGET_ID = "//ThreadSanitizerApp:ThreadSanitizerApp applebin_ios-ios_x86_64-dbg-ST-9fcfb6a7af56";
				"BAZEL_TARGET_ID[sdk=iphonesimulator*]" = "$(BAZEL_TARGET_ID)";
				BUILT_PRODUCTS_DIR = "$(CONFIGURATION_BUILD_DIR)";
				CODE_SIGN_STYLE = Manual;
				COMPILE_TARGET_NAME = ThreadSanitizerApp.library;
				DEBUG_INFORMATION_FORMAT = dwarf;
				DEPLOYMENT_LOCATION = NO;
				ENABLE_BITCODE = NO;
				ENABLE_TESTABILITY = YES;
				GCC_OPTIMIZATION_LEVEL = 0;
				INFOPLIST_FILE = "bazel-out/applebin_ios-ios_x86_64-dbg-ST-9fcfb6a7af56/bin/ThreadSanitizerApp/rules_xcodeproj/ThreadSanitizerApp/Info.plist";
				IPHONEOS_DEPLOYMENT_TARGET = 15.0;
				LD_RUNPATH_SEARCH_PATHS = (
					"$(inherited)",
					"@executable_path/Frameworks",
				);
				LINK_PARAMS_FILE = "$(INTERNAL_DIR)/targets/applebin_ios-ios_x86_64-dbg-ST-9fcfb6a7af56/ThreadSanitizerApp/ThreadSanitizerApp.link.params";
				OTHER_LDFLAGS = "@$(DERIVED_FILE_DIR)/link.params";
				OTHER_SWIFT_FLAGS = "-vfsoverlay $(OBJROOT)/bazel-out-overlay.yaml -Xcc -working-directory=$(PROJECT_DIR) -working-directory=$(PROJECT_DIR) -Xcc -O0 -Xcc -DDEBUG=1 -Xcc -fstack-protector -Xcc -fstack-protector-all -static";
				PREVIEWS_SWIFT_INCLUDE_PATH__ = "";
				PREVIEWS_SWIFT_INCLUDE_PATH__NO = "";
				PREVIEWS_SWIFT_INCLUDE_PATH__YES = "bazel-out/ios-x86_64-min15.0-applebin_ios-ios_x86_64-dbg-ST-9fcfb6a7af56/bin/ThreadSanitizerApp";
				PRODUCT_BUNDLE_IDENTIFIER = io.buildbuddy.example;
				PRODUCT_MODULE_NAME = ThreadSanitizerApp;
				PRODUCT_NAME = ThreadSanitizerApp;
				SDKROOT = iphoneos;
				SUPPORTED_PLATFORMS = iphonesimulator;
				SUPPORTS_MAC_DESIGNED_FOR_IPHONE_IPAD = NO;
				SWIFT_ACTIVE_COMPILATION_CONDITIONS = DEBUG;
				SWIFT_INCLUDE_PATHS = "$(PREVIEWS_SWIFT_INCLUDE_PATH__$(ENABLE_PREVIEWS))";
				SWIFT_OBJC_INTERFACE_HEADER_NAME = "";
				SWIFT_OPTIMIZATION_LEVEL = "-Onone";
				SWIFT_VERSION = 5.0;
				TARGETED_DEVICE_FAMILY = 1;
				TARGET_NAME = ThreadSanitizerApp;
				USER_HEADER_SEARCH_PATHS = (
					"$(SRCROOT)",
					"$(BAZEL_OUT)/ios-x86_64-min15.0-applebin_ios-ios_x86_64-dbg-ST-9fcfb6a7af56/bin",
				);
			};
			name = Debug;
		};
		F3291B10076EECC92479A062 /* Debug */ = {
			isa = XCBuildConfiguration;
			buildSettings = {
				ARCHS = x86_64;
				BAZEL_COMPILE_TARGET_ID = "//AddressSanitizerApp:AddressSanitizerApp.library ios-x86_64-min15.0-applebin_ios-ios_x86_64-dbg-ST-9fcfb6a7af56";
				"BAZEL_COMPILE_TARGET_ID[sdk=iphonesimulator*]" = "$(BAZEL_COMPILE_TARGET_ID)";
				BAZEL_LABEL = "@//AddressSanitizerApp:AddressSanitizerApp";
				BAZEL_OUTPUTS_PRODUCT = "bazel-out/applebin_ios-ios_x86_64-dbg-ST-9fcfb6a7af56/bin/AddressSanitizerApp/AddressSanitizerApp.ipa";
				BAZEL_PACKAGE_BIN_DIR = "bazel-out/applebin_ios-ios_x86_64-dbg-ST-9fcfb6a7af56/bin/AddressSanitizerApp";
				BAZEL_TARGET_ID = "//AddressSanitizerApp:AddressSanitizerApp applebin_ios-ios_x86_64-dbg-ST-9fcfb6a7af56";
				"BAZEL_TARGET_ID[sdk=iphonesimulator*]" = "$(BAZEL_TARGET_ID)";
				BUILT_PRODUCTS_DIR = "$(CONFIGURATION_BUILD_DIR)";
				CODE_SIGN_STYLE = Manual;
				COMPILE_TARGET_NAME = AddressSanitizerApp.library;
				DEBUG_INFORMATION_FORMAT = dwarf;
				DEPLOYMENT_LOCATION = NO;
				ENABLE_BITCODE = NO;
				ENABLE_TESTABILITY = YES;
				GCC_OPTIMIZATION_LEVEL = 0;
				INFOPLIST_FILE = "bazel-out/applebin_ios-ios_x86_64-dbg-ST-9fcfb6a7af56/bin/AddressSanitizerApp/rules_xcodeproj/AddressSanitizerApp/Info.plist";
				IPHONEOS_DEPLOYMENT_TARGET = 15.0;
				LD_RUNPATH_SEARCH_PATHS = (
					"$(inherited)",
					"@executable_path/Frameworks",
				);
				LINK_PARAMS_FILE = "$(INTERNAL_DIR)/targets/applebin_ios-ios_x86_64-dbg-ST-9fcfb6a7af56/AddressSanitizerApp/AddressSanitizerApp.link.params";
				OTHER_LDFLAGS = "@$(DERIVED_FILE_DIR)/link.params";
				OTHER_SWIFT_FLAGS = "-vfsoverlay $(OBJROOT)/bazel-out-overlay.yaml -Xcc -working-directory=$(PROJECT_DIR) -working-directory=$(PROJECT_DIR) -Xcc -O0 -Xcc -DDEBUG=1 -Xcc -fstack-protector -Xcc -fstack-protector-all -static";
				PREVIEWS_SWIFT_INCLUDE_PATH__ = "";
				PREVIEWS_SWIFT_INCLUDE_PATH__NO = "";
				PREVIEWS_SWIFT_INCLUDE_PATH__YES = "bazel-out/ios-x86_64-min15.0-applebin_ios-ios_x86_64-dbg-ST-9fcfb6a7af56/bin/AddressSanitizerApp";
				PRODUCT_BUNDLE_IDENTIFIER = io.buildbuddy.example;
				PRODUCT_MODULE_NAME = AddressSanitizerApp;
				PRODUCT_NAME = AddressSanitizerApp;
				SDKROOT = iphoneos;
				SUPPORTED_PLATFORMS = iphonesimulator;
				SUPPORTS_MAC_DESIGNED_FOR_IPHONE_IPAD = NO;
				SWIFT_ACTIVE_COMPILATION_CONDITIONS = DEBUG;
				SWIFT_INCLUDE_PATHS = "$(PREVIEWS_SWIFT_INCLUDE_PATH__$(ENABLE_PREVIEWS))";
				SWIFT_OBJC_INTERFACE_HEADER_NAME = "";
				SWIFT_OPTIMIZATION_LEVEL = "-Onone";
				SWIFT_VERSION = 5.0;
				TARGETED_DEVICE_FAMILY = 1;
				TARGET_NAME = AddressSanitizerApp;
				USER_HEADER_SEARCH_PATHS = (
					"$(SRCROOT)",
					"$(BAZEL_OUT)/ios-x86_64-min15.0-applebin_ios-ios_x86_64-dbg-ST-9fcfb6a7af56/bin",
				);
			};
			name = Debug;
		};
/* End XCBuildConfiguration section */

/* Begin XCConfigurationList section */
		019FE0CB3277299C53E8849F /* Build configuration list for PBXNativeTarget "AddressSanitizerApp" */ = {
			isa = XCConfigurationList;
			buildConfigurations = (
				F3291B10076EECC92479A062 /* Debug */,
			);
			defaultConfigurationIsVisible = 0;
			defaultConfigurationName = Debug;
		};
		669B787A5412989389D7BAD5 /* Build configuration list for PBXProject "bwb" */ = {
			isa = XCConfigurationList;
			buildConfigurations = (
				B0892EE2AB907B40AA4EB960 /* Debug */,
			);
			defaultConfigurationIsVisible = 0;
			defaultConfigurationName = Debug;
		};
		7BD032E62CF3E4BDC11F6819 /* Build configuration list for PBXNativeTarget "UndefinedBehaviorSanitizerApp" */ = {
			isa = XCConfigurationList;
			buildConfigurations = (
				1A52419B1CA8D9B97CC9144B /* Debug */,
			);
			defaultConfigurationIsVisible = 0;
			defaultConfigurationName = Debug;
		};
		914277EC9F57B808A8817CF5 /* Build configuration list for PBXAggregateTarget "BazelDependencies" */ = {
			isa = XCConfigurationList;
			buildConfigurations = (
				5AFD85147E5F7EEA259481C2 /* Debug */,
			);
			defaultConfigurationIsVisible = 0;
			defaultConfigurationName = Debug;
		};
		D525AFE8A620E02798D82753 /* Build configuration list for PBXNativeTarget "ThreadSanitizerApp" */ = {
			isa = XCConfigurationList;
			buildConfigurations = (
				B493234AE4261977AE873129 /* Debug */,
			);
			defaultConfigurationIsVisible = 0;
			defaultConfigurationName = Debug;
		};
/* End XCConfigurationList section */
	};
	rootObject = 0805833D09730531AD081697 /* Project object */;
}
