// !$*UTF8*$!
{
	archiveVersion = 1;
	classes = {
	};
	objectVersion = 55;
	objects = {

/* Begin PBXAggregateTarget section */
		FE59281FE487F27A37DC2EE7 /* BazelDependencies */ = {
			isa = PBXAggregateTarget;
			buildConfigurationList = A4C19F2824EAB3EBB5D7EE24 /* Build configuration list for PBXAggregateTarget "BazelDependencies" */;
			buildPhases = (
				C0C8DBC6F0F89C84D3BC5F69 /* Generate Bazel Dependencies */,
				2FB8CA190C5FD287F83F39E3 /* Create swift_debug_settings.py */,
			);
			dependencies = (
			);
			name = BazelDependencies;
			productName = BazelDependencies;
		};
/* End PBXAggregateTarget section */

/* Begin PBXBuildFile section */
		074F25463B41309B3DCA01D7 /* ThreadSanitizerApp.swift in Sources */ = {isa = PBXBuildFile; fileRef = E0DBD7463D7C478A28AD8E88 /* ThreadSanitizerApp.swift */; };
		725E61D12190AA55238ACF30 /* ContentView.swift in Sources */ = {isa = PBXBuildFile; fileRef = 42D05B47CBB12FAFED02EEA1 /* ContentView.swift */; };
		8BFC8210AD94DCE4E4CC55F1 /* ContentView.swift in Sources */ = {isa = PBXBuildFile; fileRef = C201FC7F617E4F1760351975 /* ContentView.swift */; };
		AF37D8C703A27059A8C0167B /* AppDelegate.m in Sources */ = {isa = PBXBuildFile; fileRef = ACC05503F29B0D40BB15C84F /* AppDelegate.m */; };
		C3C5ECA77DCC71AD66C7002A /* AddressSanitizerApp.swift in Sources */ = {isa = PBXBuildFile; fileRef = FDEBD4ECD7FFB60EE16ECB2B /* AddressSanitizerApp.swift */; };
		C88FD73E3D46C8EB7BC18F75 /* AddressSanitizerExamples.swift in Sources */ = {isa = PBXBuildFile; fileRef = 6F0378E14B30A6C24A82B94D /* AddressSanitizerExamples.swift */; };
		CC05F7128AF33B92647FB1BC /* main.m in Sources */ = {isa = PBXBuildFile; fileRef = 82CFC27FB62DEEBC9FA12225 /* main.m */; };
		CFA7C57AEA36CEFBC06B0059 /* ThreadSanitizerExamples.swift in Sources */ = {isa = PBXBuildFile; fileRef = 4B707F3004B5D81715541360 /* ThreadSanitizerExamples.swift */; };
/* End PBXBuildFile section */

/* Begin PBXContainerItemProxy section */
		14DF5AD2DADD0BC55908C6A1 /* PBXContainerItemProxy */ = {
			isa = PBXContainerItemProxy;
			containerPortal = 36B5F79C7ED8B081842AF69D /* Project object */;
			proxyType = 1;
			remoteGlobalIDString = FE59281FE487F27A37DC2EE7;
			remoteInfo = BazelDependencies;
		};
		89D66DA49729452FA527FEB6 /* PBXContainerItemProxy */ = {
			isa = PBXContainerItemProxy;
			containerPortal = 36B5F79C7ED8B081842AF69D /* Project object */;
			proxyType = 1;
			remoteGlobalIDString = FE59281FE487F27A37DC2EE7;
			remoteInfo = BazelDependencies;
		};
		FA587BA0C641234037D32695 /* PBXContainerItemProxy */ = {
			isa = PBXContainerItemProxy;
			containerPortal = 36B5F79C7ED8B081842AF69D /* Project object */;
			proxyType = 1;
			remoteGlobalIDString = FE59281FE487F27A37DC2EE7;
			remoteInfo = BazelDependencies;
		};
/* End PBXContainerItemProxy section */

/* Begin PBXFileReference section */
		12A43BC80D3E4C61AB58E2AF /* ThreadSanitizerApp.app */ = {isa = PBXFileReference; explicitFileType = wrapper.application; includeInIndex = 0; path = ThreadSanitizerApp.app; sourceTree = BUILT_PRODUCTS_DIR; };
		3D138464FD12E1724C7054EA /* Info.plist */ = {isa = PBXFileReference; lastKnownFileType = text.plist; path = Info.plist; sourceTree = "<group>"; };
		4195E3FCF5965D3361B7221A /* Info.plist */ = {isa = PBXFileReference; lastKnownFileType = text.plist; path = Info.plist; sourceTree = "<group>"; };
		42D05B47CBB12FAFED02EEA1 /* ContentView.swift */ = {isa = PBXFileReference; lastKnownFileType = sourcecode.swift; path = ContentView.swift; sourceTree = "<group>"; };
		45DA794B8582A8948CE2BFB6 /* BUILD */ = {isa = PBXFileReference; explicitFileType = text.script.python; path = BUILD; sourceTree = "<group>"; };
		4B707F3004B5D81715541360 /* ThreadSanitizerExamples.swift */ = {isa = PBXFileReference; lastKnownFileType = sourcecode.swift; path = ThreadSanitizerExamples.swift; sourceTree = "<group>"; };
		4E3C458CAE3A6831911E48C4 /* BUILD */ = {isa = PBXFileReference; explicitFileType = text.script.python; path = BUILD; sourceTree = "<group>"; };
		5BDDA499768773F519FE7FDB /* Info.plist */ = {isa = PBXFileReference; lastKnownFileType = text.plist; path = Info.plist; sourceTree = "<group>"; };
		6F0378E14B30A6C24A82B94D /* AddressSanitizerExamples.swift */ = {isa = PBXFileReference; lastKnownFileType = sourcecode.swift; path = AddressSanitizerExamples.swift; sourceTree = "<group>"; };
		7B29BAD0AB4F8499F1EEE99F /* UndefinedBehaviorSanitizerApp.library.rules_xcodeproj.c.compile.params */ = {isa = PBXFileReference; lastKnownFileType = file; path = UndefinedBehaviorSanitizerApp.library.rules_xcodeproj.c.compile.params; sourceTree = "<group>"; };
		82CFC27FB62DEEBC9FA12225 /* main.m */ = {isa = PBXFileReference; lastKnownFileType = sourcecode.c.objc; path = main.m; sourceTree = "<group>"; };
		87EC9513C5736899DDC15D52 /* Info.plist */ = {isa = PBXFileReference; lastKnownFileType = text.plist; path = Info.plist; sourceTree = "<group>"; };
		8D2E20CAACB0741A21554C9E /* AppDelegate.h */ = {isa = PBXFileReference; lastKnownFileType = sourcecode.c.h; path = AppDelegate.h; sourceTree = "<group>"; };
		9D59A3C7EBB68172FE25BFE4 /* ThreadSanitizerApp.1.link.params */ = {isa = PBXFileReference; lastKnownFileType = file; path = ThreadSanitizerApp.1.link.params; sourceTree = "<group>"; };
		A378148853AE0BF93324A91C /* AddressSanitizerApp.app */ = {isa = PBXFileReference; explicitFileType = wrapper.application; includeInIndex = 0; path = AddressSanitizerApp.app; sourceTree = BUILT_PRODUCTS_DIR; };
		ACC05503F29B0D40BB15C84F /* AppDelegate.m */ = {isa = PBXFileReference; lastKnownFileType = sourcecode.c.objc; path = AppDelegate.m; sourceTree = "<group>"; };
		B13DA8B967470B62463A7C36 /* BUILD */ = {isa = PBXFileReference; explicitFileType = text.script.python; path = BUILD; sourceTree = "<group>"; };
		BA4CC5B0D48D7CEA61149DCB /* Info.plist */ = {isa = PBXFileReference; lastKnownFileType = text.plist; path = Info.plist; sourceTree = "<group>"; };
		C201FC7F617E4F1760351975 /* ContentView.swift */ = {isa = PBXFileReference; lastKnownFileType = sourcecode.swift; path = ContentView.swift; sourceTree = "<group>"; };
		C2417F59DA4B470E5F2B4758 /* BUILD */ = {isa = PBXFileReference; explicitFileType = text.script.python; path = BUILD; sourceTree = "<group>"; };
		C396B37F37B8EB330A87ECB8 /* UndefinedBehaviorSanitizerApp.app */ = {isa = PBXFileReference; explicitFileType = wrapper.application; includeInIndex = 0; path = UndefinedBehaviorSanitizerApp.app; sourceTree = BUILT_PRODUCTS_DIR; };
		D3BFD00E87DBA737E07DCE30 /* AddressSanitizerApp.library.rules_xcodeproj.swift.compile.params */ = {isa = PBXFileReference; lastKnownFileType = file; path = AddressSanitizerApp.library.rules_xcodeproj.swift.compile.params; sourceTree = "<group>"; };
		D55004ADF0B3BD2A9F1E4E2E /* UndefinedBehaviorSanitizerApp.2.link.params */ = {isa = PBXFileReference; lastKnownFileType = file; path = UndefinedBehaviorSanitizerApp.2.link.params; sourceTree = "<group>"; };
		DBE63A7E47E79B46D434AE29 /* ThreadSanitizerApp.library.rules_xcodeproj.swift.compile.params */ = {isa = PBXFileReference; lastKnownFileType = file; path = ThreadSanitizerApp.library.rules_xcodeproj.swift.compile.params; sourceTree = "<group>"; };
		E0DBD7463D7C478A28AD8E88 /* ThreadSanitizerApp.swift */ = {isa = PBXFileReference; lastKnownFileType = sourcecode.swift; path = ThreadSanitizerApp.swift; sourceTree = "<group>"; };
		E7F3CDED7F407D09250C834F /* Info.plist */ = {isa = PBXFileReference; lastKnownFileType = text.plist; path = Info.plist; sourceTree = "<group>"; };
		F412EB45E3EEAFC235D36B1D /* AddressSanitizerApp.0.link.params */ = {isa = PBXFileReference; lastKnownFileType = file; path = AddressSanitizerApp.0.link.params; sourceTree = "<group>"; };
		FDEBD4ECD7FFB60EE16ECB2B /* AddressSanitizerApp.swift */ = {isa = PBXFileReference; lastKnownFileType = sourcecode.swift; path = AddressSanitizerApp.swift; sourceTree = "<group>"; };
/* End PBXFileReference section */

/* Begin PBXGroup section */
		1EF2569752EC6D782DEDEF47 /* ../../../../.. */ = {
			isa = PBXGroup;
			children = (
				59D9F3B170BC4ECD9B49A46D /* AddressSanitizerApp */,
				CE093984B3218CD2FC972D09 /* test */,
				5EE9FF3F87370BCF3D514C26 /* ThreadSanitizerApp */,
				B20A9FBC94A745F2B2C6D966 /* UndefinedBehaviorSanitizerApp */,
				6DEE7775A87F3AD8AD281743 /* Bazel Generated Files */,
				C5DA04B2480EBE8D895B5826 /* Products */,
				2A84A6FD612A2BEF44B2014C /* Frameworks */,
			);
			path = ../../../../..;
			sourceTree = "<group>";
		};
		29FEA427395A14FACE444C49 /* AddressSanitizerApp */ = {
			isa = PBXGroup;
			children = (
				D3BFD00E87DBA737E07DCE30 /* AddressSanitizerApp.library.rules_xcodeproj.swift.compile.params */,
			);
			path = AddressSanitizerApp;
			sourceTree = "<group>";
		};
		2A74A0BABCA13EF4011BFD00 /* bin */ = {
			isa = PBXGroup;
			children = (
				41C1CE77343EA334178D06F7 /* external */,
			);
			path = bin;
			sourceTree = "<group>";
		};
		2A84A6FD612A2BEF44B2014C /* Frameworks */ = {
			isa = PBXGroup;
			children = (
			);
			name = Frameworks;
			sourceTree = "<group>";
		};
		329AB2CF39F4878404CC63C9 /* rules_xcodeproj */ = {
			isa = PBXGroup;
			children = (
				978B64846E4015CBBB29A213 /* AddressSanitizerApp */,
			);
			path = rules_xcodeproj;
			sourceTree = "<group>";
		};
		33B7E8DA68317167A856D418 /* Sources */ = {
			isa = PBXGroup;
			children = (
				8D2E20CAACB0741A21554C9E /* AppDelegate.h */,
				ACC05503F29B0D40BB15C84F /* AppDelegate.m */,
				82CFC27FB62DEEBC9FA12225 /* main.m */,
			);
			path = Sources;
			sourceTree = "<group>";
		};
		41C1CE77343EA334178D06F7 /* external */ = {
			isa = PBXGroup;
			children = (
				6943E9B08F3DD92EACE0E378 /* rules_xcodeproj_generated */,
			);
			path = external;
			sourceTree = "<group>";
		};
		5075889F77C31BA0A6556623 /* bin */ = {
			isa = PBXGroup;
			children = (
				29FEA427395A14FACE444C49 /* AddressSanitizerApp */,
				F8E851781AE845DA3533A78B /* ThreadSanitizerApp */,
				B1D0C98B6BC4B2450D4E50F0 /* UndefinedBehaviorSanitizerApp */,
			);
			path = bin;
			sourceTree = "<group>";
		};
		553AE44C821420FCCEED0529 /* ios-x86_64-min15.0-applebin_ios-ios_x86_64-dbg-STABLE-1 */ = {
			isa = PBXGroup;
			children = (
				5075889F77C31BA0A6556623 /* bin */,
			);
			path = "ios-x86_64-min15.0-applebin_ios-ios_x86_64-dbg-STABLE-1";
			sourceTree = "<group>";
		};
		59D9F3B170BC4ECD9B49A46D /* AddressSanitizerApp */ = {
			isa = PBXGroup;
			children = (
				FDEBD4ECD7FFB60EE16ECB2B /* AddressSanitizerApp.swift */,
				6F0378E14B30A6C24A82B94D /* AddressSanitizerExamples.swift */,
				45DA794B8582A8948CE2BFB6 /* BUILD */,
				42D05B47CBB12FAFED02EEA1 /* ContentView.swift */,
				87EC9513C5736899DDC15D52 /* Info.plist */,
			);
			path = AddressSanitizerApp;
			sourceTree = "<group>";
		};
		5EE9FF3F87370BCF3D514C26 /* ThreadSanitizerApp */ = {
			isa = PBXGroup;
			children = (
				C2417F59DA4B470E5F2B4758 /* BUILD */,
				C201FC7F617E4F1760351975 /* ContentView.swift */,
				E7F3CDED7F407D09250C834F /* Info.plist */,
				E0DBD7463D7C478A28AD8E88 /* ThreadSanitizerApp.swift */,
				4B707F3004B5D81715541360 /* ThreadSanitizerExamples.swift */,
			);
			path = ThreadSanitizerApp;
			sourceTree = "<group>";
		};
		678BC98E9E452C83C58A434D /* UndefinedBehaviorSanitizerApp */ = {
			isa = PBXGroup;
			children = (
				4195E3FCF5965D3361B7221A /* Info.plist */,
			);
			path = UndefinedBehaviorSanitizerApp;
			sourceTree = "<group>";
		};
		6943E9B08F3DD92EACE0E378 /* rules_xcodeproj_generated */ = {
			isa = PBXGroup;
			children = (
				9AC493BBC1DEC135D929E523 /* generator */,
			);
			path = rules_xcodeproj_generated;
			sourceTree = "<group>";
		};
		6DEE7775A87F3AD8AD281743 /* Bazel Generated Files */ = {
			isa = PBXGroup;
			children = (
				AAA4AB30424C6A5259C513DC /* applebin_ios-ios_x86_64-dbg-STABLE-2 */,
				E9FB62E17E9CD717293583B0 /* darwin_x86_64-dbg-STABLE-0 */,
				553AE44C821420FCCEED0529 /* ios-x86_64-min15.0-applebin_ios-ios_x86_64-dbg-STABLE-1 */,
			);
			name = "Bazel Generated Files";
			path = "bazel-out";
			sourceTree = SOURCE_ROOT;
		};
		78A26391C52AB404BECBF011 /* AddressSanitizerApp */ = {
			isa = PBXGroup;
			children = (
				329AB2CF39F4878404CC63C9 /* rules_xcodeproj */,
			);
			path = AddressSanitizerApp;
			sourceTree = "<group>";
		};
		79625E392E4088F3D93C0B5D /* test */ = {
			isa = PBXGroup;
			children = (
				D1FBF8C30AF2D4B91744D03E /* fixtures */,
			);
			path = test;
			sourceTree = "<group>";
		};
		7F1C764D0DEBDAC52E11EAF3 /* xcodeproj_bwx-params */ = {
			isa = PBXGroup;
			children = (
				F412EB45E3EEAFC235D36B1D /* AddressSanitizerApp.0.link.params */,
				9D59A3C7EBB68172FE25BFE4 /* ThreadSanitizerApp.1.link.params */,
				D55004ADF0B3BD2A9F1E4E2E /* UndefinedBehaviorSanitizerApp.2.link.params */,
			);
			path = "xcodeproj_bwx-params";
			sourceTree = "<group>";
		};
		85F4427F4A741827D41CAD06 /* bin */ = {
			isa = PBXGroup;
			children = (
				78A26391C52AB404BECBF011 /* AddressSanitizerApp */,
				F068E6E0ECBE5DD47B3FD0D6 /* ThreadSanitizerApp */,
				E5662377473D77F2456168DE /* UndefinedBehaviorSanitizerApp */,
			);
			path = bin;
			sourceTree = "<group>";
		};
		978B64846E4015CBBB29A213 /* AddressSanitizerApp */ = {
			isa = PBXGroup;
			children = (
				5BDDA499768773F519FE7FDB /* Info.plist */,
			);
			path = AddressSanitizerApp;
			sourceTree = "<group>";
		};
		9AC493BBC1DEC135D929E523 /* generator */ = {
			isa = PBXGroup;
			children = (
				79625E392E4088F3D93C0B5D /* test */,
			);
			path = generator;
			sourceTree = "<group>";
		};
		A4C38AD992F1763C5D0BEF9F /* rules_xcodeproj */ = {
			isa = PBXGroup;
			children = (
				678BC98E9E452C83C58A434D /* UndefinedBehaviorSanitizerApp */,
			);
			path = rules_xcodeproj;
			sourceTree = "<group>";
		};
		AAA4AB30424C6A5259C513DC /* applebin_ios-ios_x86_64-dbg-STABLE-2 */ = {
			isa = PBXGroup;
			children = (
				85F4427F4A741827D41CAD06 /* bin */,
			);
			path = "applebin_ios-ios_x86_64-dbg-STABLE-2";
			sourceTree = "<group>";
		};
		AF2E1D31BFD2F1E20E3F982A /* xcodeproj_bwx */ = {
			isa = PBXGroup;
			children = (
				7F1C764D0DEBDAC52E11EAF3 /* xcodeproj_bwx-params */,
			);
			path = xcodeproj_bwx;
			sourceTree = "<group>";
		};
		B1D0C98B6BC4B2450D4E50F0 /* UndefinedBehaviorSanitizerApp */ = {
			isa = PBXGroup;
			children = (
				7B29BAD0AB4F8499F1EEE99F /* UndefinedBehaviorSanitizerApp.library.rules_xcodeproj.c.compile.params */,
			);
			path = UndefinedBehaviorSanitizerApp;
			sourceTree = "<group>";
		};
		B20A9FBC94A745F2B2C6D966 /* UndefinedBehaviorSanitizerApp */ = {
			isa = PBXGroup;
			children = (
				33B7E8DA68317167A856D418 /* Sources */,
				4E3C458CAE3A6831911E48C4 /* BUILD */,
				BA4CC5B0D48D7CEA61149DCB /* Info.plist */,
			);
			path = UndefinedBehaviorSanitizerApp;
			sourceTree = "<group>";
		};
		C5DA04B2480EBE8D895B5826 /* Products */ = {
			isa = PBXGroup;
			children = (
				A378148853AE0BF93324A91C /* AddressSanitizerApp.app */,
				12A43BC80D3E4C61AB58E2AF /* ThreadSanitizerApp.app */,
				C396B37F37B8EB330A87ECB8 /* UndefinedBehaviorSanitizerApp.app */,
			);
			name = Products;
			sourceTree = "<group>";
		};
		C989837B34EC5C1042FCE79D /* ThreadSanitizerApp */ = {
			isa = PBXGroup;
			children = (
				3D138464FD12E1724C7054EA /* Info.plist */,
			);
			path = ThreadSanitizerApp;
			sourceTree = "<group>";
		};
		CE093984B3218CD2FC972D09 /* test */ = {
			isa = PBXGroup;
			children = (
				CE78938FAE5D92D94ABB3E30 /* fixtures */,
			);
			path = test;
			sourceTree = "<group>";
		};
		CE78938FAE5D92D94ABB3E30 /* fixtures */ = {
			isa = PBXGroup;
			children = (
				B13DA8B967470B62463A7C36 /* BUILD */,
			);
			path = fixtures;
			sourceTree = "<group>";
		};
		D1FBF8C30AF2D4B91744D03E /* fixtures */ = {
			isa = PBXGroup;
			children = (
				AF2E1D31BFD2F1E20E3F982A /* xcodeproj_bwx */,
			);
			path = fixtures;
			sourceTree = "<group>";
		};
		E5662377473D77F2456168DE /* UndefinedBehaviorSanitizerApp */ = {
			isa = PBXGroup;
			children = (
				A4C38AD992F1763C5D0BEF9F /* rules_xcodeproj */,
			);
			path = UndefinedBehaviorSanitizerApp;
			sourceTree = "<group>";
		};
		E9FB62E17E9CD717293583B0 /* darwin_x86_64-dbg-STABLE-0 */ = {
			isa = PBXGroup;
			children = (
				2A74A0BABCA13EF4011BFD00 /* bin */,
			);
			path = "darwin_x86_64-dbg-STABLE-0";
			sourceTree = "<group>";
		};
		F068E6E0ECBE5DD47B3FD0D6 /* ThreadSanitizerApp */ = {
			isa = PBXGroup;
			children = (
				FC9A7F3EF1DAF24EAB4F1A8B /* rules_xcodeproj */,
			);
			path = ThreadSanitizerApp;
			sourceTree = "<group>";
		};
		F8E851781AE845DA3533A78B /* ThreadSanitizerApp */ = {
			isa = PBXGroup;
			children = (
				DBE63A7E47E79B46D434AE29 /* ThreadSanitizerApp.library.rules_xcodeproj.swift.compile.params */,
			);
			path = ThreadSanitizerApp;
			sourceTree = "<group>";
		};
		FC9A7F3EF1DAF24EAB4F1A8B /* rules_xcodeproj */ = {
			isa = PBXGroup;
			children = (
				C989837B34EC5C1042FCE79D /* ThreadSanitizerApp */,
			);
			path = rules_xcodeproj;
			sourceTree = "<group>";
		};
/* End PBXGroup section */

/* Begin PBXNativeTarget section */
		3EAFF74229A8CE2544154BF9 /* AddressSanitizerApp */ = {
			isa = PBXNativeTarget;
			buildConfigurationList = 8BE00A149812934FA86F8678 /* Build configuration list for PBXNativeTarget "AddressSanitizerApp" */;
			buildPhases = (
				9E79A712BDE359E9E59BC0AD /* Create Compile Dependencies */,
				DF0AE27C7F42A1A81508F811 /* Create Link Dependencies */,
				CA1A90C1E573DF82AAA9E452 /* Sources */,
			);
			buildRules = (
			);
			dependencies = (
				DDB6627492E6ED161AC62CB6 /* PBXTargetDependency */,
			);
			name = AddressSanitizerApp;
			productName = AddressSanitizerApp;
			productReference = A378148853AE0BF93324A91C /* AddressSanitizerApp.app */;
			productType = "com.apple.product-type.application";
		};
		5DDE2F008DF4134A31766B9F /* UndefinedBehaviorSanitizerApp */ = {
			isa = PBXNativeTarget;
			buildConfigurationList = AE2878E2E4ABE4FF493E4CAB /* Build configuration list for PBXNativeTarget "UndefinedBehaviorSanitizerApp" */;
			buildPhases = (
				4AF255978C264A5F7A5953D2 /* Create Compile Dependencies */,
				2F0495A5DBE0A5462D14B7F5 /* Create Link Dependencies */,
				C22B74A872F1DC7043F6918A /* Sources */,
			);
			buildRules = (
			);
			dependencies = (
				03724CDC6ECDC1BB9D8439D2 /* PBXTargetDependency */,
			);
			name = UndefinedBehaviorSanitizerApp;
			productName = UndefinedBehaviorSanitizerApp;
			productReference = C396B37F37B8EB330A87ECB8 /* UndefinedBehaviorSanitizerApp.app */;
			productType = "com.apple.product-type.application";
		};
		E0A7BFDFC0C3D6AB230925A8 /* ThreadSanitizerApp */ = {
			isa = PBXNativeTarget;
			buildConfigurationList = EFC73C679A7E0F171E6E990A /* Build configuration list for PBXNativeTarget "ThreadSanitizerApp" */;
			buildPhases = (
				A280B6C4D5FF0AD6B4D02B9F /* Create Compile Dependencies */,
				9131CE89D5542E1271AA4F32 /* Create Link Dependencies */,
				EC62A2AC37691AEA4041381D /* Sources */,
			);
			buildRules = (
			);
			dependencies = (
				CE14008FC21EED767ACA467E /* PBXTargetDependency */,
			);
			name = ThreadSanitizerApp;
			productName = ThreadSanitizerApp;
			productReference = 12A43BC80D3E4C61AB58E2AF /* ThreadSanitizerApp.app */;
			productType = "com.apple.product-type.application";
		};
/* End PBXNativeTarget section */

/* Begin PBXProject section */
		36B5F79C7ED8B081842AF69D /* Project object */ = {
			isa = PBXProject;
			attributes = {
				BuildIndependentTargetsInParallel = 1;
				LastSwiftUpdateCheck = 9999;
				LastUpgradeCheck = 9999;
				TargetAttributes = {
					3EAFF74229A8CE2544154BF9 = {
						CreatedOnToolsVersion = 13.0.0;
						LastSwiftMigration = 9999;
					};
					5DDE2F008DF4134A31766B9F = {
						CreatedOnToolsVersion = 13.0.0;
						LastSwiftMigration = 9999;
					};
					E0A7BFDFC0C3D6AB230925A8 = {
						CreatedOnToolsVersion = 13.0.0;
						LastSwiftMigration = 9999;
					};
					FE59281FE487F27A37DC2EE7 = {
						CreatedOnToolsVersion = 13.0.0;
					};
				};
			};
			buildConfigurationList = 8C14447CB8BDD86ECF450932 /* Build configuration list for PBXProject "bwx" */;
			compatibilityVersion = "Xcode 13.0";
			developmentRegion = en;
			hasScannedForEncodings = 0;
			knownRegions = (
				en,
				Base,
			);
			mainGroup = 1EF2569752EC6D782DEDEF47 /* ../../../../.. */;
			productRefGroup = C5DA04B2480EBE8D895B5826 /* Products */;
			projectDirPath = "../../bazel-output-base/rules_xcodeproj.noindex/build_output_base/execroot/__main__";
			projectRoot = "";
			targets = (
				FE59281FE487F27A37DC2EE7 /* BazelDependencies */,
				3EAFF74229A8CE2544154BF9 /* AddressSanitizerApp */,
				E0A7BFDFC0C3D6AB230925A8 /* ThreadSanitizerApp */,
				5DDE2F008DF4134A31766B9F /* UndefinedBehaviorSanitizerApp */,
			);
		};
/* End PBXProject section */

/* Begin PBXShellScriptBuildPhase section */
		2F0495A5DBE0A5462D14B7F5 /* Create Link Dependencies */ = {
			isa = PBXShellScriptBuildPhase;
			buildActionMask = 2147483647;
			files = (
			);
			inputPaths = (
				"$(LINK_PARAMS_FILE)",
			);
			name = "Create Link Dependencies";
			outputPaths = (
				"$(DERIVED_FILE_DIR)/link.params",
			);
			runOnlyForDeploymentPostprocessing = 0;
			shellPath = /bin/sh;
			shellScript = "set -euo pipefail\n\nif [[ \"$ACTION\" == \"indexbuild\" ]]; then\n  touch \"$SCRIPT_OUTPUT_FILE_0\"\nelse\nperl -pe 's/\\$(\\()?([a-zA-Z_]\\w*)(?(1)\\))/$ENV{$2}/g' \\\n  \"$SCRIPT_INPUT_FILE_0\" > \"$SCRIPT_OUTPUT_FILE_0\"\nfi\n";
			showEnvVarsInLog = 0;
		};
		2FB8CA190C5FD287F83F39E3 /* Create swift_debug_settings.py */ = {
			isa = PBXShellScriptBuildPhase;
			buildActionMask = 2147483647;
			files = (
			);
			inputPaths = (
				"$(BAZEL_INTEGRATION_DIR)/$(CONFIGURATION)-swift_debug_settings.py",
			);
			name = "Create swift_debug_settings.py";
			outputPaths = (
				"$(OBJROOT)/$(CONFIGURATION)/swift_debug_settings.py",
			);
			runOnlyForDeploymentPostprocessing = 0;
			shellPath = /bin/sh;
			shellScript = "perl -pe '\n  # Replace \"__BAZEL_XCODE_DEVELOPER_DIR__\" with \"$(DEVELOPER_DIR)\"\n  s/__BAZEL_XCODE_DEVELOPER_DIR__/\\$(DEVELOPER_DIR)/g;\n\n  # Replace \"__BAZEL_XCODE_SDKROOT__\" with \"$(SDKROOT)\"\n  s/__BAZEL_XCODE_SDKROOT__/\\$(SDKROOT)/g;\n\n  # Replace build settings with their values\n  s/\n    \\$             # Match a dollar sign\n    (\\()?          # Optionally match an opening parenthesis and capture it\n    ([a-zA-Z_]\\w*) # Match a variable name and capture it\n    (?(1)\\))       # If an opening parenthesis was captured, match a closing parenthesis\n  /$ENV{$2}/gx;    # Replace the entire matched string with the value of the corresponding environment variable\n\n' \"$SCRIPT_INPUT_FILE_0\" > \"$SCRIPT_OUTPUT_FILE_0\"\n";
			showEnvVarsInLog = 0;
		};
		4AF255978C264A5F7A5953D2 /* Create Compile Dependencies */ = {
			isa = PBXShellScriptBuildPhase;
			buildActionMask = 2147483647;
			files = (
			);
			inputPaths = (
				"$(C_PARAMS_FILE)",
			);
			name = "Create Compile Dependencies";
			outputPaths = (
				"$(DERIVED_FILE_DIR)/c.compile.params",
				"$(DERIVED_FILE_DIR)/xcode-overlay.yaml",
			);
			runOnlyForDeploymentPostprocessing = 0;
			shellPath = /bin/sh;
			shellScript = "set -euo pipefail\n\nperl -pe '\n  s/__BAZEL_XCODE_DEVELOPER_DIR__/\\$(DEVELOPER_DIR)/g;\n  s/__BAZEL_XCODE_SDKROOT__/\\$(SDKROOT)/g;\n  s/\\$(\\()?([a-zA-Z_]\\w*)(?(1)\\))/$ENV{$2}/gx;\n' \"$SCRIPT_INPUT_FILE_0\" > \"$SCRIPT_OUTPUT_FILE_0\"\n\n\"$BAZEL_INTEGRATION_DIR/create_xcode_overlay.sh\"\n";
			showEnvVarsInLog = 0;
		};
		9131CE89D5542E1271AA4F32 /* Create Link Dependencies */ = {
			isa = PBXShellScriptBuildPhase;
			buildActionMask = 2147483647;
			files = (
			);
			inputPaths = (
				"$(LINK_PARAMS_FILE)",
			);
			name = "Create Link Dependencies";
			outputPaths = (
				"$(DERIVED_FILE_DIR)/link.params",
			);
			runOnlyForDeploymentPostprocessing = 0;
			shellPath = /bin/sh;
			shellScript = "set -euo pipefail\n\nif [[ \"$ACTION\" == \"indexbuild\" ]]; then\n  touch \"$SCRIPT_OUTPUT_FILE_0\"\nelse\nperl -pe 's/\\$(\\()?([a-zA-Z_]\\w*)(?(1)\\))/$ENV{$2}/g' \\\n  \"$SCRIPT_INPUT_FILE_0\" > \"$SCRIPT_OUTPUT_FILE_0\"\nfi\n";
			showEnvVarsInLog = 0;
		};
		9E79A712BDE359E9E59BC0AD /* Create Compile Dependencies */ = {
			isa = PBXShellScriptBuildPhase;
			buildActionMask = 2147483647;
			files = (
			);
			inputPaths = (
				"$(SWIFT_PARAMS_FILE)",
			);
			name = "Create Compile Dependencies";
			outputPaths = (
				"$(DERIVED_FILE_DIR)/swift.compile.params",
			);
			runOnlyForDeploymentPostprocessing = 0;
			shellPath = /bin/sh;
			shellScript = "set -euo pipefail\n\nperl -pe '\n  s/__BAZEL_XCODE_DEVELOPER_DIR__/\\$(DEVELOPER_DIR)/g;\n  s/__BAZEL_XCODE_SDKROOT__/\\$(SDKROOT)/g;\n  s/\\$(\\()?([a-zA-Z_]\\w*)(?(1)\\))/$ENV{$2}/gx;\n' \"$SCRIPT_INPUT_FILE_0\" > \"$SCRIPT_OUTPUT_FILE_0\"\n";
			showEnvVarsInLog = 0;
		};
		A280B6C4D5FF0AD6B4D02B9F /* Create Compile Dependencies */ = {
			isa = PBXShellScriptBuildPhase;
			buildActionMask = 2147483647;
			files = (
			);
			inputPaths = (
				"$(SWIFT_PARAMS_FILE)",
			);
			name = "Create Compile Dependencies";
			outputPaths = (
				"$(DERIVED_FILE_DIR)/swift.compile.params",
			);
			runOnlyForDeploymentPostprocessing = 0;
			shellPath = /bin/sh;
			shellScript = "set -euo pipefail\n\nperl -pe '\n  s/__BAZEL_XCODE_DEVELOPER_DIR__/\\$(DEVELOPER_DIR)/g;\n  s/__BAZEL_XCODE_SDKROOT__/\\$(SDKROOT)/g;\n  s/\\$(\\()?([a-zA-Z_]\\w*)(?(1)\\))/$ENV{$2}/gx;\n' \"$SCRIPT_INPUT_FILE_0\" > \"$SCRIPT_OUTPUT_FILE_0\"\n";
			showEnvVarsInLog = 0;
		};
		C0C8DBC6F0F89C84D3BC5F69 /* Generate Bazel Dependencies */ = {
			isa = PBXShellScriptBuildPhase;
			alwaysOutOfDate = 1;
			buildActionMask = 2147483647;
			files = (
			);
			inputPaths = (
			);
			name = "Generate Bazel Dependencies";
			outputFileListPaths = (
				"$(INTERNAL_DIR)/external.xcfilelist",
				"$(INTERNAL_DIR)/generated.xcfilelist",
			);
			outputPaths = (
			);
			runOnlyForDeploymentPostprocessing = 0;
			shellPath = /bin/sh;
			shellScript = "\"$BAZEL_INTEGRATION_DIR/generate_bazel_dependencies.sh\"\n";
			showEnvVarsInLog = 0;
		};
		DF0AE27C7F42A1A81508F811 /* Create Link Dependencies */ = {
			isa = PBXShellScriptBuildPhase;
			buildActionMask = 2147483647;
			files = (
			);
			inputPaths = (
				"$(LINK_PARAMS_FILE)",
			);
			name = "Create Link Dependencies";
			outputPaths = (
				"$(DERIVED_FILE_DIR)/link.params",
			);
			runOnlyForDeploymentPostprocessing = 0;
			shellPath = /bin/sh;
			shellScript = "set -euo pipefail\n\nif [[ \"$ACTION\" == \"indexbuild\" ]]; then\n  touch \"$SCRIPT_OUTPUT_FILE_0\"\nelse\nperl -pe 's/\\$(\\()?([a-zA-Z_]\\w*)(?(1)\\))/$ENV{$2}/g' \\\n  \"$SCRIPT_INPUT_FILE_0\" > \"$SCRIPT_OUTPUT_FILE_0\"\nfi\n";
			showEnvVarsInLog = 0;
		};
/* End PBXShellScriptBuildPhase section */

/* Begin PBXSourcesBuildPhase section */
		C22B74A872F1DC7043F6918A /* Sources */ = {
			isa = PBXSourcesBuildPhase;
			buildActionMask = 2147483647;
			files = (
				AF37D8C703A27059A8C0167B /* AppDelegate.m in Sources */,
				CC05F7128AF33B92647FB1BC /* main.m in Sources */,
			);
			runOnlyForDeploymentPostprocessing = 0;
		};
		CA1A90C1E573DF82AAA9E452 /* Sources */ = {
			isa = PBXSourcesBuildPhase;
			buildActionMask = 2147483647;
			files = (
				C3C5ECA77DCC71AD66C7002A /* AddressSanitizerApp.swift in Sources */,
				C88FD73E3D46C8EB7BC18F75 /* AddressSanitizerExamples.swift in Sources */,
				725E61D12190AA55238ACF30 /* ContentView.swift in Sources */,
			);
			runOnlyForDeploymentPostprocessing = 0;
		};
		EC62A2AC37691AEA4041381D /* Sources */ = {
			isa = PBXSourcesBuildPhase;
			buildActionMask = 2147483647;
			files = (
				8BFC8210AD94DCE4E4CC55F1 /* ContentView.swift in Sources */,
				074F25463B41309B3DCA01D7 /* ThreadSanitizerApp.swift in Sources */,
				CFA7C57AEA36CEFBC06B0059 /* ThreadSanitizerExamples.swift in Sources */,
			);
			runOnlyForDeploymentPostprocessing = 0;
		};
/* End PBXSourcesBuildPhase section */

/* Begin PBXTargetDependency section */
		03724CDC6ECDC1BB9D8439D2 /* PBXTargetDependency */ = {
			isa = PBXTargetDependency;
			name = BazelDependencies;
			target = FE59281FE487F27A37DC2EE7 /* BazelDependencies */;
			targetProxy = 89D66DA49729452FA527FEB6 /* PBXContainerItemProxy */;
		};
		CE14008FC21EED767ACA467E /* PBXTargetDependency */ = {
			isa = PBXTargetDependency;
			name = BazelDependencies;
			target = FE59281FE487F27A37DC2EE7 /* BazelDependencies */;
			targetProxy = FA587BA0C641234037D32695 /* PBXContainerItemProxy */;
		};
		DDB6627492E6ED161AC62CB6 /* PBXTargetDependency */ = {
			isa = PBXTargetDependency;
			name = BazelDependencies;
			target = FE59281FE487F27A37DC2EE7 /* BazelDependencies */;
			targetProxy = 14DF5AD2DADD0BC55908C6A1 /* PBXContainerItemProxy */;
		};
/* End PBXTargetDependency section */

/* Begin XCBuildConfiguration section */
		67F44AB65FA7A2E38A56F5FB /* Debug */ = {
			isa = XCBuildConfiguration;
			buildSettings = {
				BAZEL_PACKAGE_BIN_DIR = rules_xcodeproj;
				CALCULATE_OUTPUT_GROUPS_SCRIPT = "$(BAZEL_INTEGRATION_DIR)/calculate_output_groups.py";
				CC = "";
				CXX = "";
				INDEXING_SUPPORTED_PLATFORMS__ = "$(INDEXING_SUPPORTED_PLATFORMS__NO)";
				INDEXING_SUPPORTED_PLATFORMS__NO = iphonesimulator;
				INDEXING_SUPPORTED_PLATFORMS__YES = iphonesimulator;
				LD = "";
				LDPLUSPLUS = "";
				LIBTOOL = libtool;
				SUPPORTED_PLATFORMS = "$(INDEXING_SUPPORTED_PLATFORMS__$(INDEX_ENABLE_BUILD_ARENA))";
				SUPPORTS_MACCATALYST = YES;
				SWIFT_EXEC = swiftc;
				TARGET_IDS_FILE = "fixture-target-ids-file";
				TARGET_NAME = BazelDependencies;
			};
			name = Debug;
		};
		6B31E39AA453F8E107939198 /* Debug */ = {
			isa = XCBuildConfiguration;
			buildSettings = {
				ARCHS = x86_64;
				BAZEL_COMPILE_TARGET_IDS = "//AddressSanitizerApp:AddressSanitizerApp.library ios-x86_64-min15.0-applebin_ios-ios_x86_64-dbg-STABLE-1";
				"BAZEL_COMPILE_TARGET_IDS[sdk=iphonesimulator*]" = "$(BAZEL_COMPILE_TARGET_IDS)";
				BAZEL_LABEL = "@//AddressSanitizerApp:AddressSanitizerApp";
				BAZEL_PACKAGE_BIN_DIR = "bazel-out/applebin_ios-ios_x86_64-dbg-STABLE-2/bin/AddressSanitizerApp";
				BAZEL_TARGET_ID = "//AddressSanitizerApp:AddressSanitizerApp applebin_ios-ios_x86_64-dbg-STABLE-2";
				"BAZEL_TARGET_ID[sdk=iphonesimulator*]" = "$(BAZEL_TARGET_ID)";
				BUILT_PRODUCTS_DIR = "$(CONFIGURATION_BUILD_DIR)";
				CODE_SIGN_STYLE = Manual;
				COMPILE_TARGET_NAME = AddressSanitizerApp.library;
				DEPLOYMENT_LOCATION = NO;
				INFOPLIST_FILE = "$(BAZEL_OUT)/applebin_ios-ios_x86_64-dbg-STABLE-2/bin/AddressSanitizerApp/rules_xcodeproj/AddressSanitizerApp/Info.plist";
				IPHONEOS_DEPLOYMENT_TARGET = 15.0;
				LINK_PARAMS_FILE = "$(BAZEL_OUT)/darwin_x86_64-dbg-STABLE-0/bin/external/rules_xcodeproj_generated/generator/test/fixtures/xcodeproj_bwx/xcodeproj_bwx-params/AddressSanitizerApp.0.link.params";
				OTHER_LDFLAGS = "@$(DERIVED_FILE_DIR)/link.params";
				OTHER_SWIFT_FLAGS = "-vfsoverlay $(OBJROOT)/bazel-out-overlay.yaml $(PREVIEWS_SWIFT_INCLUDE__$(ENABLE_PREVIEWS)) @$(DERIVED_FILE_DIR)/swift.compile.params -Xcc -iquote -Xcc $(PROJECT_DIR) -Xcc -iquote -Xcc $(BAZEL_OUT)/ios-x86_64-min15.0-applebin_ios-ios_x86_64-dbg-STABLE-1/bin -Xcc -O0 -Xcc -DDEBUG=1 -Xcc -fstack-protector -Xcc -fstack-protector-all";
				PREVIEWS_SWIFT_INCLUDE__ = "";
				PREVIEWS_SWIFT_INCLUDE__NO = "";
				PREVIEWS_SWIFT_INCLUDE__YES = "-I $(BUILD_DIR)/bazel-out/applebin_ios-ios_x86_64-dbg-STABLE-2/bin/AddressSanitizerApp";
				PRODUCT_BUNDLE_IDENTIFIER = "rules-xcodeproj.example";
				PRODUCT_MODULE_NAME = AddressSanitizerApp;
				PRODUCT_NAME = AddressSanitizerApp;
				SDKROOT = iphoneos;
				SUPPORTED_PLATFORMS = iphonesimulator;
				SUPPORTS_MAC_DESIGNED_FOR_IPHONE_IPAD = NO;
				SWIFT_PARAMS_FILE = "$(BAZEL_OUT)/ios-x86_64-min15.0-applebin_ios-ios_x86_64-dbg-STABLE-1/bin/AddressSanitizerApp/AddressSanitizerApp.library.rules_xcodeproj.swift.compile.params";
				TARGETED_DEVICE_FAMILY = 1;
				TARGET_NAME = AddressSanitizerApp;
			};
			name = Debug;
		};
		BEAE3EB55B9B2DDC469D899F /* Debug */ = {
			isa = XCBuildConfiguration;
			buildSettings = {
				ARCHS = x86_64;
				ASAN_OTHER_CFLAGS__ = "$(ASAN_OTHER_CFLAGS__NO)";
				ASAN_OTHER_CFLAGS__NO = "-working-directory $(PROJECT_DIR) -ivfsoverlay $(DERIVED_FILE_DIR)/xcode-overlay.yaml -ivfsoverlay $(OBJROOT)/bazel-out-overlay.yaml @$(DERIVED_FILE_DIR)/c.compile.params";
				ASAN_OTHER_CFLAGS__YES = "$(ASAN_OTHER_CFLAGS__NO) -Wno-macro-redefined -D_FORTIFY_SOURCE=0";
				BAZEL_COMPILE_TARGET_IDS = "//UndefinedBehaviorSanitizerApp:UndefinedBehaviorSanitizerApp.library ios-x86_64-min15.0-applebin_ios-ios_x86_64-dbg-STABLE-1";
				"BAZEL_COMPILE_TARGET_IDS[sdk=iphonesimulator*]" = "$(BAZEL_COMPILE_TARGET_IDS)";
				BAZEL_LABEL = "@//UndefinedBehaviorSanitizerApp:UndefinedBehaviorSanitizerApp";
				BAZEL_PACKAGE_BIN_DIR = "bazel-out/applebin_ios-ios_x86_64-dbg-STABLE-2/bin/UndefinedBehaviorSanitizerApp";
				BAZEL_TARGET_ID = "//UndefinedBehaviorSanitizerApp:UndefinedBehaviorSanitizerApp applebin_ios-ios_x86_64-dbg-STABLE-2";
				"BAZEL_TARGET_ID[sdk=iphonesimulator*]" = "$(BAZEL_TARGET_ID)";
				BUILT_PRODUCTS_DIR = "$(CONFIGURATION_BUILD_DIR)";
				CODE_SIGN_STYLE = Manual;
				COMPILE_TARGET_NAME = UndefinedBehaviorSanitizerApp.library;
				C_PARAMS_FILE = "$(BAZEL_OUT)/ios-x86_64-min15.0-applebin_ios-ios_x86_64-dbg-STABLE-1/bin/UndefinedBehaviorSanitizerApp/UndefinedBehaviorSanitizerApp.library.rules_xcodeproj.c.compile.params";
				DEPLOYMENT_LOCATION = NO;
				INFOPLIST_FILE = "$(BAZEL_OUT)/applebin_ios-ios_x86_64-dbg-STABLE-2/bin/UndefinedBehaviorSanitizerApp/rules_xcodeproj/UndefinedBehaviorSanitizerApp/Info.plist";
				IPHONEOS_DEPLOYMENT_TARGET = 15.0;
				LINK_PARAMS_FILE = "$(BAZEL_OUT)/darwin_x86_64-dbg-STABLE-0/bin/external/rules_xcodeproj_generated/generator/test/fixtures/xcodeproj_bwx/xcodeproj_bwx-params/UndefinedBehaviorSanitizerApp.2.link.params";
				OTHER_CFLAGS = "$(ASAN_OTHER_CFLAGS__$(CLANG_ADDRESS_SANITIZER))";
				OTHER_LDFLAGS = "@$(DERIVED_FILE_DIR)/link.params";
				PRODUCT_BUNDLE_IDENTIFIER = "rules-xcodeproj.example";
				PRODUCT_NAME = UndefinedBehaviorSanitizerApp;
				SDKROOT = iphoneos;
				SUPPORTED_PLATFORMS = iphonesimulator;
				SUPPORTS_MAC_DESIGNED_FOR_IPHONE_IPAD = NO;
				TARGETED_DEVICE_FAMILY = 1;
				TARGET_NAME = UndefinedBehaviorSanitizerApp;
			};
			name = Debug;
		};
		C221D886D6D02D33114D3473 /* Debug */ = {
			isa = XCBuildConfiguration;
			buildSettings = {
				ALWAYS_SEARCH_USER_PATHS = NO;
				BAZEL_CONFIG = rules_xcodeproj;
				BAZEL_EXTERNAL = "$(BAZEL_OUTPUT_BASE)/external";
				BAZEL_INTEGRATION_DIR = "$(INTERNAL_DIR)/bazel";
				BAZEL_LLDB_INIT = "$(HOME)/.lldbinit-rules_xcodeproj";
				BAZEL_OUT = "$(PROJECT_DIR)/bazel-out";
				BAZEL_OUTPUT_BASE = "$(_BAZEL_OUTPUT_BASE:standardizepath)";
				BAZEL_WORKSPACE_ROOT = "$(SRCROOT)";
				BUILD_DIR = "$(SYMROOT)/$(CONFIGURATION)$(EFFECTIVE_PLATFORM_NAME)";
				BUILD_WORKSPACE_DIRECTORY = "$(SRCROOT)";
				BUILT_PRODUCTS_DIR = "$(INDEXING_BUILT_PRODUCTS_DIR__$(INDEX_ENABLE_BUILD_ARENA))";
				CLANG_ENABLE_OBJC_ARC = YES;
				CLANG_MODULES_AUTOLINK = NO;
				CONFIGURATION_BUILD_DIR = "$(BUILD_DIR)/$(BAZEL_PACKAGE_BIN_DIR)";
				COPY_PHASE_STRIP = NO;
				DEBUG_INFORMATION_FORMAT = dwarf;
				DEPLOYMENT_LOCATION = "$(INDEXING_DEPLOYMENT_LOCATION__$(INDEX_ENABLE_BUILD_ARENA)),";
				DSTROOT = "$(PROJECT_TEMP_DIR)";
				ENABLE_DEFAULT_SEARCH_PATHS = NO;
				ENABLE_STRICT_OBJC_MSGSEND = YES;
				GCC_OPTIMIZATION_LEVEL = 0;
				INDEXING_BUILT_PRODUCTS_DIR__ = "$(INDEXING_BUILT_PRODUCTS_DIR__NO)";
				INDEXING_BUILT_PRODUCTS_DIR__NO = "$(BUILD_DIR)";
				INDEXING_BUILT_PRODUCTS_DIR__YES = "$(CONFIGURATION_BUILD_DIR)";
				INDEXING_DEPLOYMENT_LOCATION__ = "$(INDEXING_DEPLOYMENT_LOCATION__NO)";
				INDEXING_DEPLOYMENT_LOCATION__NO = YES;
				INDEXING_DEPLOYMENT_LOCATION__YES = NO;
				INDEXING_PROJECT_DIR__ = "$(INDEXING_PROJECT_DIR__NO)";
				INDEXING_PROJECT_DIR__NO = "../../../../../bazel-output-base/rules_xcodeproj.noindex/build_output_base/execroot/__main__";
				INDEXING_PROJECT_DIR__YES = "../../../../../bazel-output-base/rules_xcodeproj.noindex/indexbuild_output_base/execroot/__main__";
				INDEX_DATA_STORE_DIR = "$(INDEX_DATA_STORE_DIR)";
				INDEX_FORCE_SCRIPT_EXECUTION = YES;
				INDEX_IMPORT = "fixture-index-import-path";
				INSTALL_PATH = "$(BAZEL_PACKAGE_BIN_DIR)/$(TARGET_NAME)/bin";
				INTERNAL_DIR = "$(PROJECT_FILE_PATH)/rules_xcodeproj";
				LD_DYLIB_INSTALL_NAME = "";
				LD_OBJC_ABI_VERSION = "";
				LD_RUNPATH_SEARCH_PATHS = "";
				ONLY_ACTIVE_ARCH = YES;
				PROJECT_DIR = "$(INDEXING_PROJECT_DIR__$(INDEX_ENABLE_BUILD_ARENA))";
				RESOLVED_REPOSITORIES = "\".\" \"$(SRCROOT)\"";
				RULES_XCODEPROJ_BUILD_MODE = xcode;
				SCHEME_TARGET_IDS_FILE = "$(OBJROOT)/scheme_target_ids";
				SRCROOT = ../../../../..;
				SUPPORTS_MACCATALYST = NO;
				SWIFT_OBJC_INTERFACE_HEADER_NAME = "";
				SWIFT_OPTIMIZATION_LEVEL = "-Onone";
				SWIFT_VERSION = 5.0;
				TARGET_TEMP_DIR = "$(PROJECT_TEMP_DIR)/$(BAZEL_PACKAGE_BIN_DIR)/$(COMPILE_TARGET_NAME)";
				USE_HEADERMAP = NO;
				VALIDATE_WORKSPACE = NO;
				_BAZEL_OUTPUT_BASE = "$(PROJECT_DIR)/../..";
			};
			name = Debug;
		};
		EEDB27CDD2A2B2B2BE2A6E4B /* Debug */ = {
			isa = XCBuildConfiguration;
			buildSettings = {
				ARCHS = x86_64;
				BAZEL_COMPILE_TARGET_IDS = "//ThreadSanitizerApp:ThreadSanitizerApp.library ios-x86_64-min15.0-applebin_ios-ios_x86_64-dbg-STABLE-1";
				"BAZEL_COMPILE_TARGET_IDS[sdk=iphonesimulator*]" = "$(BAZEL_COMPILE_TARGET_IDS)";
				BAZEL_LABEL = "@//ThreadSanitizerApp:ThreadSanitizerApp";
				BAZEL_PACKAGE_BIN_DIR = "bazel-out/applebin_ios-ios_x86_64-dbg-STABLE-2/bin/ThreadSanitizerApp";
				BAZEL_TARGET_ID = "//ThreadSanitizerApp:ThreadSanitizerApp applebin_ios-ios_x86_64-dbg-STABLE-2";
				"BAZEL_TARGET_ID[sdk=iphonesimulator*]" = "$(BAZEL_TARGET_ID)";
				BUILT_PRODUCTS_DIR = "$(CONFIGURATION_BUILD_DIR)";
				CODE_SIGN_STYLE = Manual;
				COMPILE_TARGET_NAME = ThreadSanitizerApp.library;
				DEPLOYMENT_LOCATION = NO;
				INFOPLIST_FILE = "$(BAZEL_OUT)/applebin_ios-ios_x86_64-dbg-STABLE-2/bin/ThreadSanitizerApp/rules_xcodeproj/ThreadSanitizerApp/Info.plist";
				IPHONEOS_DEPLOYMENT_TARGET = 15.0;
				LINK_PARAMS_FILE = "$(BAZEL_OUT)/darwin_x86_64-dbg-STABLE-0/bin/external/rules_xcodeproj_generated/generator/test/fixtures/xcodeproj_bwx/xcodeproj_bwx-params/ThreadSanitizerApp.1.link.params";
				OTHER_LDFLAGS = "@$(DERIVED_FILE_DIR)/link.params";
				OTHER_SWIFT_FLAGS = "-vfsoverlay $(OBJROOT)/bazel-out-overlay.yaml $(PREVIEWS_SWIFT_INCLUDE__$(ENABLE_PREVIEWS)) @$(DERIVED_FILE_DIR)/swift.compile.params -Xcc -iquote -Xcc $(PROJECT_DIR) -Xcc -iquote -Xcc $(BAZEL_OUT)/ios-x86_64-min15.0-applebin_ios-ios_x86_64-dbg-STABLE-1/bin -Xcc -O0 -Xcc -DDEBUG=1 -Xcc -fstack-protector -Xcc -fstack-protector-all";
				PREVIEWS_SWIFT_INCLUDE__ = "";
				PREVIEWS_SWIFT_INCLUDE__NO = "";
				PREVIEWS_SWIFT_INCLUDE__YES = "-I $(BUILD_DIR)/bazel-out/applebin_ios-ios_x86_64-dbg-STABLE-2/bin/ThreadSanitizerApp";
				PRODUCT_BUNDLE_IDENTIFIER = "rules-xcodeproj.example";
				PRODUCT_MODULE_NAME = ThreadSanitizerApp;
				PRODUCT_NAME = ThreadSanitizerApp;
				SDKROOT = iphoneos;
				SUPPORTED_PLATFORMS = iphonesimulator;
				SUPPORTS_MAC_DESIGNED_FOR_IPHONE_IPAD = NO;
				SWIFT_PARAMS_FILE = "$(BAZEL_OUT)/ios-x86_64-min15.0-applebin_ios-ios_x86_64-dbg-STABLE-1/bin/ThreadSanitizerApp/ThreadSanitizerApp.library.rules_xcodeproj.swift.compile.params";
				TARGETED_DEVICE_FAMILY = 1;
				TARGET_NAME = ThreadSanitizerApp;
			};
			name = Debug;
		};
/* End XCBuildConfiguration section */

/* Begin XCConfigurationList section */
		8BE00A149812934FA86F8678 /* Build configuration list for PBXNativeTarget "AddressSanitizerApp" */ = {
			isa = XCConfigurationList;
			buildConfigurations = (
				6B31E39AA453F8E107939198 /* Debug */,
			);
			defaultConfigurationIsVisible = 0;
			defaultConfigurationName = Debug;
		};
		8C14447CB8BDD86ECF450932 /* Build configuration list for PBXProject "bwx" */ = {
			isa = XCConfigurationList;
			buildConfigurations = (
				C221D886D6D02D33114D3473 /* Debug */,
			);
			defaultConfigurationIsVisible = 0;
			defaultConfigurationName = Debug;
		};
		A4C19F2824EAB3EBB5D7EE24 /* Build configuration list for PBXAggregateTarget "BazelDependencies" */ = {
			isa = XCConfigurationList;
			buildConfigurations = (
				67F44AB65FA7A2E38A56F5FB /* Debug */,
			);
			defaultConfigurationIsVisible = 0;
			defaultConfigurationName = Debug;
		};
		AE2878E2E4ABE4FF493E4CAB /* Build configuration list for PBXNativeTarget "UndefinedBehaviorSanitizerApp" */ = {
			isa = XCConfigurationList;
			buildConfigurations = (
				BEAE3EB55B9B2DDC469D899F /* Debug */,
			);
			defaultConfigurationIsVisible = 0;
			defaultConfigurationName = Debug;
		};
		EFC73C679A7E0F171E6E990A /* Build configuration list for PBXNativeTarget "ThreadSanitizerApp" */ = {
			isa = XCConfigurationList;
			buildConfigurations = (
				EEDB27CDD2A2B2B2BE2A6E4B /* Debug */,
			);
			defaultConfigurationIsVisible = 0;
			defaultConfigurationName = Debug;
		};
/* End XCConfigurationList section */
	};
	rootObject = 36B5F79C7ED8B081842AF69D /* Project object */;
}
